// !$*UTF8*$!
{
	archiveVersion = 1;
	classes = {
	};
	objectVersion = 56;
	objects = {

/* Begin PBXBuildFile section */
		361904512AF4EC8100DA3DF0 /* AppDelegate.swift in Sources */ = {isa = PBXBuildFile; fileRef = 361904502AF4EC8100DA3DF0 /* AppDelegate.swift */; };
		361904532AF4EC8100DA3DF0 /* SceneDelegate.swift in Sources */ = {isa = PBXBuildFile; fileRef = 361904522AF4EC8100DA3DF0 /* SceneDelegate.swift */; };
		361904552AF4EC8100DA3DF0 /* ViewController.swift in Sources */ = {isa = PBXBuildFile; fileRef = 361904542AF4EC8100DA3DF0 /* ViewController.swift */; };
		361904582AF4EC8100DA3DF0 /* Main.storyboard in Resources */ = {isa = PBXBuildFile; fileRef = 361904562AF4EC8100DA3DF0 /* Main.storyboard */; };
		3619045A2AF4EC8300DA3DF0 /* Assets.xcassets in Resources */ = {isa = PBXBuildFile; fileRef = 361904592AF4EC8300DA3DF0 /* Assets.xcassets */; };
		3619045D2AF4EC8300DA3DF0 /* LaunchScreen.storyboard in Resources */ = {isa = PBXBuildFile; fileRef = 3619045B2AF4EC8300DA3DF0 /* LaunchScreen.storyboard */; };
		361904682AF4EC8400DA3DF0 /* SnapgramTests.swift in Sources */ = {isa = PBXBuildFile; fileRef = 361904672AF4EC8400DA3DF0 /* SnapgramTests.swift */; };
		361904722AF4EC8400DA3DF0 /* SnapgramUITests.swift in Sources */ = {isa = PBXBuildFile; fileRef = 361904712AF4EC8400DA3DF0 /* SnapgramUITests.swift */; };
		361904742AF4EC8400DA3DF0 /* SnapgramUITestsLaunchTests.swift in Sources */ = {isa = PBXBuildFile; fileRef = 361904732AF4EC8400DA3DF0 /* SnapgramUITestsLaunchTests.swift */; };
		361905262AF4EF2400DA3DF0 /* ExtAddStory.swift in Sources */ = {isa = PBXBuildFile; fileRef = 361905152AF4EF2400DA3DF0 /* ExtAddStory.swift */; };
		361905272AF4EF2400DA3DF0 /* ExtTableView.swift in Sources */ = {isa = PBXBuildFile; fileRef = 361905162AF4EF2400DA3DF0 /* ExtTableView.swift */; };
		361905282AF4EF2400DA3DF0 /* ExtView.swift in Sources */ = {isa = PBXBuildFile; fileRef = 361905172AF4EF2400DA3DF0 /* ExtView.swift */; };
		361905292AF4EF2400DA3DF0 /* ExtRegister.swift in Sources */ = {isa = PBXBuildFile; fileRef = 361905182AF4EF2400DA3DF0 /* ExtRegister.swift */; };
		3619052A2AF4EF2400DA3DF0 /* ExtLogin.swift in Sources */ = {isa = PBXBuildFile; fileRef = 361905192AF4EF2400DA3DF0 /* ExtLogin.swift */; };
		3619052B2AF4EF2400DA3DF0 /* ExtCollectionView.swift in Sources */ = {isa = PBXBuildFile; fileRef = 3619051A2AF4EF2400DA3DF0 /* ExtCollectionView.swift */; };
		3619052C2AF4EF2400DA3DF0 /* CustomButton.swift in Sources */ = {isa = PBXBuildFile; fileRef = 3619051E2AF4EF2400DA3DF0 /* CustomButton.swift */; };
		3619052D2AF4EF2400DA3DF0 /* CustomButton.xib in Resources */ = {isa = PBXBuildFile; fileRef = 3619051F2AF4EF2400DA3DF0 /* CustomButton.xib */; };
		3619052E2AF4EF2400DA3DF0 /* CustomInputField.xib in Resources */ = {isa = PBXBuildFile; fileRef = 361905212AF4EF2400DA3DF0 /* CustomInputField.xib */; };
		3619052F2AF4EF2400DA3DF0 /* CustomInputField.swift in Sources */ = {isa = PBXBuildFile; fileRef = 361905222AF4EF2400DA3DF0 /* CustomInputField.swift */; };
		361905302AF4EF2400DA3DF0 /* CapturedImageView.swift in Sources */ = {isa = PBXBuildFile; fileRef = 361905232AF4EF2400DA3DF0 /* CapturedImageView.swift */; };
		361905312AF4EF2400DA3DF0 /* BaseViewController.swift in Sources */ = {isa = PBXBuildFile; fileRef = 361905252AF4EF2400DA3DF0 /* BaseViewController.swift */; };
		361905552AF4EFB700DA3DF0 /* FloatingPanel in Frameworks */ = {isa = PBXBuildFile; productRef = 361905542AF4EFB700DA3DF0 /* FloatingPanel */; };
		361905582AF4EFD600DA3DF0 /* Lottie in Frameworks */ = {isa = PBXBuildFile; productRef = 361905572AF4EFD600DA3DF0 /* Lottie */; };
		3619058D2AF4F10F00DA3DF0 /* FolderViewController.swift in Sources */ = {isa = PBXBuildFile; fileRef = 3619055B2AF4F10E00DA3DF0 /* FolderViewController.swift */; };
		3619058E2AF4F10F00DA3DF0 /* FolderViewController.xib in Resources */ = {isa = PBXBuildFile; fileRef = 3619055C2AF4F10E00DA3DF0 /* FolderViewController.xib */; };
		3619058F2AF4F10F00DA3DF0 /* TabBarViewController.swift in Sources */ = {isa = PBXBuildFile; fileRef = 3619055E2AF4F10E00DA3DF0 /* TabBarViewController.swift */; };
		361905902AF4F10F00DA3DF0 /* MapViewController.swift in Sources */ = {isa = PBXBuildFile; fileRef = 361905602AF4F10E00DA3DF0 /* MapViewController.swift */; };
		361905912AF4F10F00DA3DF0 /* MapViewController.xib in Resources */ = {isa = PBXBuildFile; fileRef = 361905612AF4F10E00DA3DF0 /* MapViewController.xib */; };
		361905922AF4F10F00DA3DF0 /* ProfileCollectionViewCell.xib in Resources */ = {isa = PBXBuildFile; fileRef = 361905642AF4F10E00DA3DF0 /* ProfileCollectionViewCell.xib */; };
		361905932AF4F10F00DA3DF0 /* ProfileCollectionViewCell.swift in Sources */ = {isa = PBXBuildFile; fileRef = 361905652AF4F10E00DA3DF0 /* ProfileCollectionViewCell.swift */; };
		361905942AF4F10F00DA3DF0 /* ProfileViewController.xib in Resources */ = {isa = PBXBuildFile; fileRef = 361905662AF4F10E00DA3DF0 /* ProfileViewController.xib */; };
		361905952AF4F10F00DA3DF0 /* ProfileCollectionEntity.swift in Sources */ = {isa = PBXBuildFile; fileRef = 361905682AF4F10E00DA3DF0 /* ProfileCollectionEntity.swift */; };
		361905962AF4F10F00DA3DF0 /* ProfileBottomSheetViewController.xib in Resources */ = {isa = PBXBuildFile; fileRef = 3619056B2AF4F10E00DA3DF0 /* ProfileBottomSheetViewController.xib */; };
		361905972AF4F10F00DA3DF0 /* ProfileBottomSheetViewController.swift in Sources */ = {isa = PBXBuildFile; fileRef = 3619056C2AF4F10E00DA3DF0 /* ProfileBottomSheetViewController.swift */; };
		361905982AF4F10F00DA3DF0 /* PictureOptionBottomSheetViewController.xib in Resources */ = {isa = PBXBuildFile; fileRef = 3619056E2AF4F10E00DA3DF0 /* PictureOptionBottomSheetViewController.xib */; };
		361905992AF4F10F00DA3DF0 /* PictureOptionBottomSheetViewController.swift in Sources */ = {isa = PBXBuildFile; fileRef = 3619056F2AF4F10E00DA3DF0 /* PictureOptionBottomSheetViewController.swift */; };
		3619059A2AF4F10F00DA3DF0 /* ProfileViewController.swift in Sources */ = {isa = PBXBuildFile; fileRef = 361905702AF4F10E00DA3DF0 /* ProfileViewController.swift */; };
		3619059B2AF4F10F00DA3DF0 /* AddStoryViewController.xib in Resources */ = {isa = PBXBuildFile; fileRef = 361905722AF4F10E00DA3DF0 /* AddStoryViewController.xib */; };
		3619059C2AF4F10F00DA3DF0 /* AddStoryViewController.swift in Sources */ = {isa = PBXBuildFile; fileRef = 361905732AF4F10E00DA3DF0 /* AddStoryViewController.swift */; };
		3619059D2AF4F10F00DA3DF0 /* Test1ViewController.swift in Sources */ = {isa = PBXBuildFile; fileRef = 361905752AF4F10E00DA3DF0 /* Test1ViewController.swift */; };
		3619059E2AF4F10F00DA3DF0 /* RegisterViewController.xib in Resources */ = {isa = PBXBuildFile; fileRef = 361905772AF4F10E00DA3DF0 /* RegisterViewController.xib */; };
		3619059F2AF4F10F00DA3DF0 /* RegisterViewController.swift in Sources */ = {isa = PBXBuildFile; fileRef = 361905782AF4F10E00DA3DF0 /* RegisterViewController.swift */; };
		361905A02AF4F10F00DA3DF0 /* Test1ViewController.xib in Resources */ = {isa = PBXBuildFile; fileRef = 361905792AF4F10E00DA3DF0 /* Test1ViewController.xib */; };
		361905A12AF4F10F00DA3DF0 /* LoginViewController.xib in Resources */ = {isa = PBXBuildFile; fileRef = 3619057B2AF4F10E00DA3DF0 /* LoginViewController.xib */; };
		361905A22AF4F10F00DA3DF0 /* LoginViewController.swift in Sources */ = {isa = PBXBuildFile; fileRef = 3619057C2AF4F10E00DA3DF0 /* LoginViewController.swift */; };
		361905A32AF4F10F00DA3DF0 /* StoryTableCell.xib in Resources */ = {isa = PBXBuildFile; fileRef = 361905802AF4F10E00DA3DF0 /* StoryTableCell.xib */; };
		361905A42AF4F10F00DA3DF0 /* StoryTableCell.swift in Sources */ = {isa = PBXBuildFile; fileRef = 361905812AF4F10E00DA3DF0 /* StoryTableCell.swift */; };
		361905A52AF4F10F00DA3DF0 /* SnapCollectionCell.swift in Sources */ = {isa = PBXBuildFile; fileRef = 361905832AF4F10E00DA3DF0 /* SnapCollectionCell.swift */; };
		361905A62AF4F10F00DA3DF0 /* SnapCollectionCell.xib in Resources */ = {isa = PBXBuildFile; fileRef = 361905842AF4F10E00DA3DF0 /* SnapCollectionCell.xib */; };
		361905A72AF4F10F00DA3DF0 /* SnapTableCell.xib in Resources */ = {isa = PBXBuildFile; fileRef = 361905862AF4F10E00DA3DF0 /* SnapTableCell.xib */; };
		361905A82AF4F10F00DA3DF0 /* SnapTableCell.swift in Sources */ = {isa = PBXBuildFile; fileRef = 361905872AF4F10E00DA3DF0 /* SnapTableCell.swift */; };
		361905A92AF4F10F00DA3DF0 /* StoryViewController.swift in Sources */ = {isa = PBXBuildFile; fileRef = 361905882AF4F10E00DA3DF0 /* StoryViewController.swift */; };
		361905AA2AF4F10F00DA3DF0 /* SnapCollectionEntity.swift in Sources */ = {isa = PBXBuildFile; fileRef = 3619058A2AF4F10E00DA3DF0 /* SnapCollectionEntity.swift */; };
		361905AB2AF4F10F00DA3DF0 /* StoryTableEntity.swift in Sources */ = {isa = PBXBuildFile; fileRef = 3619058B2AF4F10E00DA3DF0 /* StoryTableEntity.swift */; };
		361905AC2AF4F10F00DA3DF0 /* StoryViewController.xib in Resources */ = {isa = PBXBuildFile; fileRef = 3619058C2AF4F10E00DA3DF0 /* StoryViewController.xib */; };
		361905AE2AF4FA9A00DA3DF0 /* Constants.swift in Sources */ = {isa = PBXBuildFile; fileRef = 361905AD2AF4FA9A00DA3DF0 /* Constants.swift */; };
/* End PBXBuildFile section */

/* Begin PBXContainerItemProxy section */
		361904642AF4EC8300DA3DF0 /* PBXContainerItemProxy */ = {
			isa = PBXContainerItemProxy;
			containerPortal = 361904452AF4EC8100DA3DF0 /* Project object */;
			proxyType = 1;
			remoteGlobalIDString = 3619044C2AF4EC8100DA3DF0;
			remoteInfo = Snapgram;
		};
		3619046E2AF4EC8400DA3DF0 /* PBXContainerItemProxy */ = {
			isa = PBXContainerItemProxy;
			containerPortal = 361904452AF4EC8100DA3DF0 /* Project object */;
			proxyType = 1;
			remoteGlobalIDString = 3619044C2AF4EC8100DA3DF0;
			remoteInfo = Snapgram;
		};
/* End PBXContainerItemProxy section */

/* Begin PBXFileReference section */
		3619044D2AF4EC8100DA3DF0 /* Snapgram.app */ = {isa = PBXFileReference; explicitFileType = wrapper.application; includeInIndex = 0; path = Snapgram.app; sourceTree = BUILT_PRODUCTS_DIR; };
		361904502AF4EC8100DA3DF0 /* AppDelegate.swift */ = {isa = PBXFileReference; lastKnownFileType = sourcecode.swift; path = AppDelegate.swift; sourceTree = "<group>"; };
		361904522AF4EC8100DA3DF0 /* SceneDelegate.swift */ = {isa = PBXFileReference; lastKnownFileType = sourcecode.swift; path = SceneDelegate.swift; sourceTree = "<group>"; };
		361904542AF4EC8100DA3DF0 /* ViewController.swift */ = {isa = PBXFileReference; lastKnownFileType = sourcecode.swift; path = ViewController.swift; sourceTree = "<group>"; };
		361904572AF4EC8100DA3DF0 /* Base */ = {isa = PBXFileReference; lastKnownFileType = file.storyboard; name = Base; path = Base.lproj/Main.storyboard; sourceTree = "<group>"; };
		361904592AF4EC8300DA3DF0 /* Assets.xcassets */ = {isa = PBXFileReference; lastKnownFileType = folder.assetcatalog; path = Assets.xcassets; sourceTree = "<group>"; };
		3619045C2AF4EC8300DA3DF0 /* Base */ = {isa = PBXFileReference; lastKnownFileType = file.storyboard; name = Base; path = Base.lproj/LaunchScreen.storyboard; sourceTree = "<group>"; };
		3619045E2AF4EC8300DA3DF0 /* Info.plist */ = {isa = PBXFileReference; lastKnownFileType = text.plist.xml; path = Info.plist; sourceTree = "<group>"; };
		361904632AF4EC8300DA3DF0 /* SnapgramTests.xctest */ = {isa = PBXFileReference; explicitFileType = wrapper.cfbundle; includeInIndex = 0; path = SnapgramTests.xctest; sourceTree = BUILT_PRODUCTS_DIR; };
		361904672AF4EC8400DA3DF0 /* SnapgramTests.swift */ = {isa = PBXFileReference; lastKnownFileType = sourcecode.swift; path = SnapgramTests.swift; sourceTree = "<group>"; };
		3619046D2AF4EC8400DA3DF0 /* SnapgramUITests.xctest */ = {isa = PBXFileReference; explicitFileType = wrapper.cfbundle; includeInIndex = 0; path = SnapgramUITests.xctest; sourceTree = BUILT_PRODUCTS_DIR; };
		361904712AF4EC8400DA3DF0 /* SnapgramUITests.swift */ = {isa = PBXFileReference; lastKnownFileType = sourcecode.swift; path = SnapgramUITests.swift; sourceTree = "<group>"; };
		361904732AF4EC8400DA3DF0 /* SnapgramUITestsLaunchTests.swift */ = {isa = PBXFileReference; lastKnownFileType = sourcecode.swift; path = SnapgramUITestsLaunchTests.swift; sourceTree = "<group>"; };
		361905152AF4EF2400DA3DF0 /* ExtAddStory.swift */ = {isa = PBXFileReference; fileEncoding = 4; lastKnownFileType = sourcecode.swift; path = ExtAddStory.swift; sourceTree = "<group>"; };
		361905162AF4EF2400DA3DF0 /* ExtTableView.swift */ = {isa = PBXFileReference; fileEncoding = 4; lastKnownFileType = sourcecode.swift; path = ExtTableView.swift; sourceTree = "<group>"; };
		361905172AF4EF2400DA3DF0 /* ExtView.swift */ = {isa = PBXFileReference; fileEncoding = 4; lastKnownFileType = sourcecode.swift; path = ExtView.swift; sourceTree = "<group>"; };
		361905182AF4EF2400DA3DF0 /* ExtRegister.swift */ = {isa = PBXFileReference; fileEncoding = 4; lastKnownFileType = sourcecode.swift; path = ExtRegister.swift; sourceTree = "<group>"; };
		361905192AF4EF2400DA3DF0 /* ExtLogin.swift */ = {isa = PBXFileReference; fileEncoding = 4; lastKnownFileType = sourcecode.swift; path = ExtLogin.swift; sourceTree = "<group>"; };
		3619051A2AF4EF2400DA3DF0 /* ExtCollectionView.swift */ = {isa = PBXFileReference; fileEncoding = 4; lastKnownFileType = sourcecode.swift; path = ExtCollectionView.swift; sourceTree = "<group>"; };
		3619051E2AF4EF2400DA3DF0 /* CustomButton.swift */ = {isa = PBXFileReference; fileEncoding = 4; lastKnownFileType = sourcecode.swift; path = CustomButton.swift; sourceTree = "<group>"; };
		3619051F2AF4EF2400DA3DF0 /* CustomButton.xib */ = {isa = PBXFileReference; fileEncoding = 4; lastKnownFileType = file.xib; path = CustomButton.xib; sourceTree = "<group>"; };
		361905212AF4EF2400DA3DF0 /* CustomInputField.xib */ = {isa = PBXFileReference; fileEncoding = 4; lastKnownFileType = file.xib; path = CustomInputField.xib; sourceTree = "<group>"; };
		361905222AF4EF2400DA3DF0 /* CustomInputField.swift */ = {isa = PBXFileReference; fileEncoding = 4; lastKnownFileType = sourcecode.swift; path = CustomInputField.swift; sourceTree = "<group>"; };
		361905232AF4EF2400DA3DF0 /* CapturedImageView.swift */ = {isa = PBXFileReference; fileEncoding = 4; lastKnownFileType = sourcecode.swift; path = CapturedImageView.swift; sourceTree = "<group>"; };
		361905252AF4EF2400DA3DF0 /* BaseViewController.swift */ = {isa = PBXFileReference; fileEncoding = 4; lastKnownFileType = sourcecode.swift; path = BaseViewController.swift; sourceTree = "<group>"; };
		3619055B2AF4F10E00DA3DF0 /* FolderViewController.swift */ = {isa = PBXFileReference; fileEncoding = 4; lastKnownFileType = sourcecode.swift; path = FolderViewController.swift; sourceTree = "<group>"; };
		3619055C2AF4F10E00DA3DF0 /* FolderViewController.xib */ = {isa = PBXFileReference; fileEncoding = 4; lastKnownFileType = file.xib; path = FolderViewController.xib; sourceTree = "<group>"; };
		3619055E2AF4F10E00DA3DF0 /* TabBarViewController.swift */ = {isa = PBXFileReference; fileEncoding = 4; lastKnownFileType = sourcecode.swift; path = TabBarViewController.swift; sourceTree = "<group>"; };
		361905602AF4F10E00DA3DF0 /* MapViewController.swift */ = {isa = PBXFileReference; fileEncoding = 4; lastKnownFileType = sourcecode.swift; path = MapViewController.swift; sourceTree = "<group>"; };
		361905612AF4F10E00DA3DF0 /* MapViewController.xib */ = {isa = PBXFileReference; fileEncoding = 4; lastKnownFileType = file.xib; path = MapViewController.xib; sourceTree = "<group>"; };
		361905642AF4F10E00DA3DF0 /* ProfileCollectionViewCell.xib */ = {isa = PBXFileReference; fileEncoding = 4; lastKnownFileType = file.xib; path = ProfileCollectionViewCell.xib; sourceTree = "<group>"; };
		361905652AF4F10E00DA3DF0 /* ProfileCollectionViewCell.swift */ = {isa = PBXFileReference; fileEncoding = 4; lastKnownFileType = sourcecode.swift; path = ProfileCollectionViewCell.swift; sourceTree = "<group>"; };
		361905662AF4F10E00DA3DF0 /* ProfileViewController.xib */ = {isa = PBXFileReference; fileEncoding = 4; lastKnownFileType = file.xib; path = ProfileViewController.xib; sourceTree = "<group>"; };
		361905682AF4F10E00DA3DF0 /* ProfileCollectionEntity.swift */ = {isa = PBXFileReference; fileEncoding = 4; lastKnownFileType = sourcecode.swift; path = ProfileCollectionEntity.swift; sourceTree = "<group>"; };
		3619056B2AF4F10E00DA3DF0 /* ProfileBottomSheetViewController.xib */ = {isa = PBXFileReference; fileEncoding = 4; lastKnownFileType = file.xib; path = ProfileBottomSheetViewController.xib; sourceTree = "<group>"; };
		3619056C2AF4F10E00DA3DF0 /* ProfileBottomSheetViewController.swift */ = {isa = PBXFileReference; fileEncoding = 4; lastKnownFileType = sourcecode.swift; path = ProfileBottomSheetViewController.swift; sourceTree = "<group>"; };
		3619056E2AF4F10E00DA3DF0 /* PictureOptionBottomSheetViewController.xib */ = {isa = PBXFileReference; fileEncoding = 4; lastKnownFileType = file.xib; path = PictureOptionBottomSheetViewController.xib; sourceTree = "<group>"; };
		3619056F2AF4F10E00DA3DF0 /* PictureOptionBottomSheetViewController.swift */ = {isa = PBXFileReference; fileEncoding = 4; lastKnownFileType = sourcecode.swift; path = PictureOptionBottomSheetViewController.swift; sourceTree = "<group>"; };
		361905702AF4F10E00DA3DF0 /* ProfileViewController.swift */ = {isa = PBXFileReference; fileEncoding = 4; lastKnownFileType = sourcecode.swift; path = ProfileViewController.swift; sourceTree = "<group>"; };
		361905722AF4F10E00DA3DF0 /* AddStoryViewController.xib */ = {isa = PBXFileReference; fileEncoding = 4; lastKnownFileType = file.xib; path = AddStoryViewController.xib; sourceTree = "<group>"; };
		361905732AF4F10E00DA3DF0 /* AddStoryViewController.swift */ = {isa = PBXFileReference; fileEncoding = 4; lastKnownFileType = sourcecode.swift; path = AddStoryViewController.swift; sourceTree = "<group>"; };
		361905752AF4F10E00DA3DF0 /* Test1ViewController.swift */ = {isa = PBXFileReference; fileEncoding = 4; lastKnownFileType = sourcecode.swift; path = Test1ViewController.swift; sourceTree = "<group>"; };
		361905772AF4F10E00DA3DF0 /* RegisterViewController.xib */ = {isa = PBXFileReference; fileEncoding = 4; lastKnownFileType = file.xib; path = RegisterViewController.xib; sourceTree = "<group>"; };
		361905782AF4F10E00DA3DF0 /* RegisterViewController.swift */ = {isa = PBXFileReference; fileEncoding = 4; lastKnownFileType = sourcecode.swift; path = RegisterViewController.swift; sourceTree = "<group>"; };
		361905792AF4F10E00DA3DF0 /* Test1ViewController.xib */ = {isa = PBXFileReference; fileEncoding = 4; lastKnownFileType = file.xib; path = Test1ViewController.xib; sourceTree = "<group>"; };
		3619057B2AF4F10E00DA3DF0 /* LoginViewController.xib */ = {isa = PBXFileReference; fileEncoding = 4; lastKnownFileType = file.xib; path = LoginViewController.xib; sourceTree = "<group>"; };
		3619057C2AF4F10E00DA3DF0 /* LoginViewController.swift */ = {isa = PBXFileReference; fileEncoding = 4; lastKnownFileType = sourcecode.swift; path = LoginViewController.swift; sourceTree = "<group>"; };
		361905802AF4F10E00DA3DF0 /* StoryTableCell.xib */ = {isa = PBXFileReference; fileEncoding = 4; lastKnownFileType = file.xib; path = StoryTableCell.xib; sourceTree = "<group>"; };
		361905812AF4F10E00DA3DF0 /* StoryTableCell.swift */ = {isa = PBXFileReference; fileEncoding = 4; lastKnownFileType = sourcecode.swift; path = StoryTableCell.swift; sourceTree = "<group>"; };
		361905832AF4F10E00DA3DF0 /* SnapCollectionCell.swift */ = {isa = PBXFileReference; fileEncoding = 4; lastKnownFileType = sourcecode.swift; path = SnapCollectionCell.swift; sourceTree = "<group>"; };
		361905842AF4F10E00DA3DF0 /* SnapCollectionCell.xib */ = {isa = PBXFileReference; fileEncoding = 4; lastKnownFileType = file.xib; path = SnapCollectionCell.xib; sourceTree = "<group>"; };
		361905862AF4F10E00DA3DF0 /* SnapTableCell.xib */ = {isa = PBXFileReference; fileEncoding = 4; lastKnownFileType = file.xib; path = SnapTableCell.xib; sourceTree = "<group>"; };
		361905872AF4F10E00DA3DF0 /* SnapTableCell.swift */ = {isa = PBXFileReference; fileEncoding = 4; lastKnownFileType = sourcecode.swift; path = SnapTableCell.swift; sourceTree = "<group>"; };
		361905882AF4F10E00DA3DF0 /* StoryViewController.swift */ = {isa = PBXFileReference; fileEncoding = 4; lastKnownFileType = sourcecode.swift; path = StoryViewController.swift; sourceTree = "<group>"; };
		3619058A2AF4F10E00DA3DF0 /* SnapCollectionEntity.swift */ = {isa = PBXFileReference; fileEncoding = 4; lastKnownFileType = sourcecode.swift; path = SnapCollectionEntity.swift; sourceTree = "<group>"; };
		3619058B2AF4F10E00DA3DF0 /* StoryTableEntity.swift */ = {isa = PBXFileReference; fileEncoding = 4; lastKnownFileType = sourcecode.swift; path = StoryTableEntity.swift; sourceTree = "<group>"; };
		3619058C2AF4F10E00DA3DF0 /* StoryViewController.xib */ = {isa = PBXFileReference; fileEncoding = 4; lastKnownFileType = file.xib; path = StoryViewController.xib; sourceTree = "<group>"; };
		361905AD2AF4FA9A00DA3DF0 /* Constants.swift */ = {isa = PBXFileReference; lastKnownFileType = sourcecode.swift; path = Constants.swift; sourceTree = "<group>"; };
/* End PBXFileReference section */

/* Begin PBXFrameworksBuildPhase section */
		3619044A2AF4EC8100DA3DF0 /* Frameworks */ = {
			isa = PBXFrameworksBuildPhase;
			buildActionMask = 2147483647;
			files = (
				361905552AF4EFB700DA3DF0 /* FloatingPanel in Frameworks */,
				361905582AF4EFD600DA3DF0 /* Lottie in Frameworks */,
			);
			runOnlyForDeploymentPostprocessing = 0;
		};
		361904602AF4EC8300DA3DF0 /* Frameworks */ = {
			isa = PBXFrameworksBuildPhase;
			buildActionMask = 2147483647;
			files = (
			);
			runOnlyForDeploymentPostprocessing = 0;
		};
		3619046A2AF4EC8400DA3DF0 /* Frameworks */ = {
			isa = PBXFrameworksBuildPhase;
			buildActionMask = 2147483647;
			files = (
			);
			runOnlyForDeploymentPostprocessing = 0;
		};
/* End PBXFrameworksBuildPhase section */

/* Begin PBXGroup section */
		361904442AF4EC8100DA3DF0 = {
			isa = PBXGroup;
			children = (
				3619044F2AF4EC8100DA3DF0 /* Snapgram */,
				361904662AF4EC8400DA3DF0 /* SnapgramTests */,
				361904702AF4EC8400DA3DF0 /* SnapgramUITests */,
				3619044E2AF4EC8100DA3DF0 /* Products */,
			);
			sourceTree = "<group>";
		};
		3619044E2AF4EC8100DA3DF0 /* Products */ = {
			isa = PBXGroup;
			children = (
				3619044D2AF4EC8100DA3DF0 /* Snapgram.app */,
				361904632AF4EC8300DA3DF0 /* SnapgramTests.xctest */,
				3619046D2AF4EC8400DA3DF0 /* SnapgramUITests.xctest */,
			);
			name = Products;
			sourceTree = "<group>";
		};
		3619044F2AF4EC8100DA3DF0 /* Snapgram */ = {
			isa = PBXGroup;
			children = (
				361905332AF4EF3800DA3DF0 /* App */,
				361905322AF4EF2C00DA3DF0 /* Resource */,
				361905132AF4EF2400DA3DF0 /* Common */,
				361905592AF4F10E00DA3DF0 /* Module */,
				361904542AF4EC8100DA3DF0 /* ViewController.swift */,
				361904562AF4EC8100DA3DF0 /* Main.storyboard */,
				3619045B2AF4EC8300DA3DF0 /* LaunchScreen.storyboard */,
				3619045E2AF4EC8300DA3DF0 /* Info.plist */,
			);
			path = Snapgram;
			sourceTree = "<group>";
		};
		361904662AF4EC8400DA3DF0 /* SnapgramTests */ = {
			isa = PBXGroup;
			children = (
				361904672AF4EC8400DA3DF0 /* SnapgramTests.swift */,
			);
			path = SnapgramTests;
			sourceTree = "<group>";
		};
		361904702AF4EC8400DA3DF0 /* SnapgramUITests */ = {
			isa = PBXGroup;
			children = (
				361904712AF4EC8400DA3DF0 /* SnapgramUITests.swift */,
				361904732AF4EC8400DA3DF0 /* SnapgramUITestsLaunchTests.swift */,
			);
			path = SnapgramUITests;
			sourceTree = "<group>";
		};
		361905132AF4EF2400DA3DF0 /* Common */ = {
			isa = PBXGroup;
			children = (
				361905142AF4EF2400DA3DF0 /* Extension */,
				3619051B2AF4EF2400DA3DF0 /* Network */,
				3619051C2AF4EF2400DA3DF0 /* Component */,
				361905242AF4EF2400DA3DF0 /* Utils */,
			);
			path = Common;
			sourceTree = "<group>";
		};
		361905142AF4EF2400DA3DF0 /* Extension */ = {
			isa = PBXGroup;
			children = (
				361905152AF4EF2400DA3DF0 /* ExtAddStory.swift */,
				361905162AF4EF2400DA3DF0 /* ExtTableView.swift */,
				361905172AF4EF2400DA3DF0 /* ExtView.swift */,
				361905182AF4EF2400DA3DF0 /* ExtRegister.swift */,
				361905192AF4EF2400DA3DF0 /* ExtLogin.swift */,
				3619051A2AF4EF2400DA3DF0 /* ExtCollectionView.swift */,
			);
			path = Extension;
			sourceTree = "<group>";
		};
		3619051B2AF4EF2400DA3DF0 /* Network */ = {
			isa = PBXGroup;
			children = (
			);
			path = Network;
			sourceTree = "<group>";
		};
		3619051C2AF4EF2400DA3DF0 /* Component */ = {
			isa = PBXGroup;
			children = (
				3619051D2AF4EF2400DA3DF0 /* CustomButton */,
				361905202AF4EF2400DA3DF0 /* CustomInputField */,
				361905232AF4EF2400DA3DF0 /* CapturedImageView.swift */,
			);
			path = Component;
			sourceTree = "<group>";
		};
		3619051D2AF4EF2400DA3DF0 /* CustomButton */ = {
			isa = PBXGroup;
			children = (
				3619051E2AF4EF2400DA3DF0 /* CustomButton.swift */,
				3619051F2AF4EF2400DA3DF0 /* CustomButton.xib */,
			);
			path = CustomButton;
			sourceTree = "<group>";
		};
		361905202AF4EF2400DA3DF0 /* CustomInputField */ = {
			isa = PBXGroup;
			children = (
				361905212AF4EF2400DA3DF0 /* CustomInputField.xib */,
				361905222AF4EF2400DA3DF0 /* CustomInputField.swift */,
			);
			path = CustomInputField;
			sourceTree = "<group>";
		};
		361905242AF4EF2400DA3DF0 /* Utils */ = {
			isa = PBXGroup;
			children = (
				361905252AF4EF2400DA3DF0 /* BaseViewController.swift */,
				361905AD2AF4FA9A00DA3DF0 /* Constants.swift */,
			);
			path = Utils;
			sourceTree = "<group>";
		};
		361905322AF4EF2C00DA3DF0 /* Resource */ = {
			isa = PBXGroup;
			children = (
				361904592AF4EC8300DA3DF0 /* Assets.xcassets */,
			);
			path = Resource;
			sourceTree = "<group>";
		};
		361905332AF4EF3800DA3DF0 /* App */ = {
			isa = PBXGroup;
			children = (
				361904502AF4EC8100DA3DF0 /* AppDelegate.swift */,
				361904522AF4EC8100DA3DF0 /* SceneDelegate.swift */,
			);
			path = App;
			sourceTree = "<group>";
		};
		361905592AF4F10E00DA3DF0 /* Module */ = {
			isa = PBXGroup;
			children = (
				3619055A2AF4F10E00DA3DF0 /* Folder */,
				3619055D2AF4F10E00DA3DF0 /* TabBar */,
				3619055F2AF4F10E00DA3DF0 /* Map */,
				361905622AF4F10E00DA3DF0 /* Profile */,
				361905712AF4F10E00DA3DF0 /* AddStory */,
				361905742AF4F10E00DA3DF0 /* Authentication */,
				3619057D2AF4F10E00DA3DF0 /* Story */,
			);
			path = Module;
			sourceTree = "<group>";
		};
		3619055A2AF4F10E00DA3DF0 /* Folder */ = {
			isa = PBXGroup;
			children = (
				3619055B2AF4F10E00DA3DF0 /* FolderViewController.swift */,
				3619055C2AF4F10E00DA3DF0 /* FolderViewController.xib */,
			);
			path = Folder;
			sourceTree = "<group>";
		};
		3619055D2AF4F10E00DA3DF0 /* TabBar */ = {
			isa = PBXGroup;
			children = (
				3619055E2AF4F10E00DA3DF0 /* TabBarViewController.swift */,
			);
			path = TabBar;
			sourceTree = "<group>";
		};
		3619055F2AF4F10E00DA3DF0 /* Map */ = {
			isa = PBXGroup;
			children = (
				361905602AF4F10E00DA3DF0 /* MapViewController.swift */,
				361905612AF4F10E00DA3DF0 /* MapViewController.xib */,
			);
			path = Map;
			sourceTree = "<group>";
		};
		361905622AF4F10E00DA3DF0 /* Profile */ = {
			isa = PBXGroup;
			children = (
				361905632AF4F10E00DA3DF0 /* CollectionCell */,
				361905672AF4F10E00DA3DF0 /* Model */,
				361905692AF4F10E00DA3DF0 /* BottomSheet */,
				361905702AF4F10E00DA3DF0 /* ProfileViewController.swift */,
				361905662AF4F10E00DA3DF0 /* ProfileViewController.xib */,
			);
			path = Profile;
			sourceTree = "<group>";
		};
		361905632AF4F10E00DA3DF0 /* CollectionCell */ = {
			isa = PBXGroup;
			children = (
				361905642AF4F10E00DA3DF0 /* ProfileCollectionViewCell.xib */,
				361905652AF4F10E00DA3DF0 /* ProfileCollectionViewCell.swift */,
			);
			path = CollectionCell;
			sourceTree = "<group>";
		};
		361905672AF4F10E00DA3DF0 /* Model */ = {
			isa = PBXGroup;
			children = (
				361905682AF4F10E00DA3DF0 /* ProfileCollectionEntity.swift */,
			);
			path = Model;
			sourceTree = "<group>";
		};
		361905692AF4F10E00DA3DF0 /* BottomSheet */ = {
			isa = PBXGroup;
			children = (
				3619056A2AF4F10E00DA3DF0 /* ProfileBottomSheet */,
				3619056D2AF4F10E00DA3DF0 /* PictureOptionBottomSheet */,
			);
			path = BottomSheet;
			sourceTree = "<group>";
		};
		3619056A2AF4F10E00DA3DF0 /* ProfileBottomSheet */ = {
			isa = PBXGroup;
			children = (
				3619056B2AF4F10E00DA3DF0 /* ProfileBottomSheetViewController.xib */,
				3619056C2AF4F10E00DA3DF0 /* ProfileBottomSheetViewController.swift */,
			);
			path = ProfileBottomSheet;
			sourceTree = "<group>";
		};
		3619056D2AF4F10E00DA3DF0 /* PictureOptionBottomSheet */ = {
			isa = PBXGroup;
			children = (
				3619056E2AF4F10E00DA3DF0 /* PictureOptionBottomSheetViewController.xib */,
				3619056F2AF4F10E00DA3DF0 /* PictureOptionBottomSheetViewController.swift */,
			);
			path = PictureOptionBottomSheet;
			sourceTree = "<group>";
		};
		361905712AF4F10E00DA3DF0 /* AddStory */ = {
			isa = PBXGroup;
			children = (
				361905722AF4F10E00DA3DF0 /* AddStoryViewController.xib */,
				361905732AF4F10E00DA3DF0 /* AddStoryViewController.swift */,
			);
			path = AddStory;
			sourceTree = "<group>";
		};
		361905742AF4F10E00DA3DF0 /* Authentication */ = {
			isa = PBXGroup;
			children = (
				361905752AF4F10E00DA3DF0 /* Test1ViewController.swift */,
				361905762AF4F10E00DA3DF0 /* Register */,
				361905792AF4F10E00DA3DF0 /* Test1ViewController.xib */,
				3619057A2AF4F10E00DA3DF0 /* Login */,
			);
			path = Authentication;
			sourceTree = "<group>";
		};
		361905762AF4F10E00DA3DF0 /* Register */ = {
			isa = PBXGroup;
			children = (
				361905772AF4F10E00DA3DF0 /* RegisterViewController.xib */,
				361905782AF4F10E00DA3DF0 /* RegisterViewController.swift */,
			);
			path = Register;
			sourceTree = "<group>";
		};
		3619057A2AF4F10E00DA3DF0 /* Login */ = {
			isa = PBXGroup;
			children = (
				3619057B2AF4F10E00DA3DF0 /* LoginViewController.xib */,
				3619057C2AF4F10E00DA3DF0 /* LoginViewController.swift */,
			);
			path = Login;
			sourceTree = "<group>";
		};
		3619057D2AF4F10E00DA3DF0 /* Story */ = {
			isa = PBXGroup;
			children = (
				361905892AF4F10E00DA3DF0 /* Model */,
				3619057E2AF4F10E00DA3DF0 /* Cells */,
				361905882AF4F10E00DA3DF0 /* StoryViewController.swift */,
				3619058C2AF4F10E00DA3DF0 /* StoryViewController.xib */,
			);
			path = Story;
			sourceTree = "<group>";
		};
		3619057E2AF4F10E00DA3DF0 /* Cells */ = {
			isa = PBXGroup;
			children = (
				3619057F2AF4F10E00DA3DF0 /* StoryTableCell */,
				361905822AF4F10E00DA3DF0 /* Collection Cell */,
				361905852AF4F10E00DA3DF0 /* SnapTableCell */,
			);
			path = Cells;
			sourceTree = "<group>";
		};
		3619057F2AF4F10E00DA3DF0 /* StoryTableCell */ = {
			isa = PBXGroup;
			children = (
				361905802AF4F10E00DA3DF0 /* StoryTableCell.xib */,
				361905812AF4F10E00DA3DF0 /* StoryTableCell.swift */,
			);
			path = StoryTableCell;
			sourceTree = "<group>";
		};
		361905822AF4F10E00DA3DF0 /* Collection Cell */ = {
			isa = PBXGroup;
			children = (
				361905832AF4F10E00DA3DF0 /* SnapCollectionCell.swift */,
				361905842AF4F10E00DA3DF0 /* SnapCollectionCell.xib */,
			);
			path = "Collection Cell";
			sourceTree = "<group>";
		};
		361905852AF4F10E00DA3DF0 /* SnapTableCell */ = {
			isa = PBXGroup;
			children = (
				361905862AF4F10E00DA3DF0 /* SnapTableCell.xib */,
				361905872AF4F10E00DA3DF0 /* SnapTableCell.swift */,
			);
			path = SnapTableCell;
			sourceTree = "<group>";
		};
		361905892AF4F10E00DA3DF0 /* Model */ = {
			isa = PBXGroup;
			children = (
				3619058A2AF4F10E00DA3DF0 /* SnapCollectionEntity.swift */,
				3619058B2AF4F10E00DA3DF0 /* StoryTableEntity.swift */,
			);
			path = Model;
			sourceTree = "<group>";
		};
/* End PBXGroup section */

/* Begin PBXNativeTarget section */
		3619044C2AF4EC8100DA3DF0 /* Snapgram */ = {
			isa = PBXNativeTarget;
			buildConfigurationList = 361904772AF4EC8400DA3DF0 /* Build configuration list for PBXNativeTarget "Snapgram" */;
			buildPhases = (
				361904492AF4EC8100DA3DF0 /* Sources */,
				3619044A2AF4EC8100DA3DF0 /* Frameworks */,
				3619044B2AF4EC8100DA3DF0 /* Resources */,
			);
			buildRules = (
			);
			dependencies = (
			);
			name = Snapgram;
			packageProductDependencies = (
				361905542AF4EFB700DA3DF0 /* FloatingPanel */,
				361905572AF4EFD600DA3DF0 /* Lottie */,
			);
			productName = Snapgram;
			productReference = 3619044D2AF4EC8100DA3DF0 /* Snapgram.app */;
			productType = "com.apple.product-type.application";
		};
		361904622AF4EC8300DA3DF0 /* SnapgramTests */ = {
			isa = PBXNativeTarget;
			buildConfigurationList = 3619047A2AF4EC8400DA3DF0 /* Build configuration list for PBXNativeTarget "SnapgramTests" */;
			buildPhases = (
				3619045F2AF4EC8300DA3DF0 /* Sources */,
				361904602AF4EC8300DA3DF0 /* Frameworks */,
				361904612AF4EC8300DA3DF0 /* Resources */,
			);
			buildRules = (
			);
			dependencies = (
				361904652AF4EC8300DA3DF0 /* PBXTargetDependency */,
			);
			name = SnapgramTests;
			productName = SnapgramTests;
			productReference = 361904632AF4EC8300DA3DF0 /* SnapgramTests.xctest */;
			productType = "com.apple.product-type.bundle.unit-test";
		};
		3619046C2AF4EC8400DA3DF0 /* SnapgramUITests */ = {
			isa = PBXNativeTarget;
			buildConfigurationList = 3619047D2AF4EC8400DA3DF0 /* Build configuration list for PBXNativeTarget "SnapgramUITests" */;
			buildPhases = (
				361904692AF4EC8400DA3DF0 /* Sources */,
				3619046A2AF4EC8400DA3DF0 /* Frameworks */,
				3619046B2AF4EC8400DA3DF0 /* Resources */,
			);
			buildRules = (
			);
			dependencies = (
				3619046F2AF4EC8400DA3DF0 /* PBXTargetDependency */,
			);
			name = SnapgramUITests;
			productName = SnapgramUITests;
			productReference = 3619046D2AF4EC8400DA3DF0 /* SnapgramUITests.xctest */;
			productType = "com.apple.product-type.bundle.ui-testing";
		};
/* End PBXNativeTarget section */

/* Begin PBXProject section */
		361904452AF4EC8100DA3DF0 /* Project object */ = {
			isa = PBXProject;
			attributes = {
				BuildIndependentTargetsInParallel = 1;
				LastSwiftUpdateCheck = 1420;
				LastUpgradeCheck = 1420;
				TargetAttributes = {
					3619044C2AF4EC8100DA3DF0 = {
						CreatedOnToolsVersion = 14.2;
					};
					361904622AF4EC8300DA3DF0 = {
						CreatedOnToolsVersion = 14.2;
						TestTargetID = 3619044C2AF4EC8100DA3DF0;
					};
					3619046C2AF4EC8400DA3DF0 = {
						CreatedOnToolsVersion = 14.2;
						TestTargetID = 3619044C2AF4EC8100DA3DF0;
					};
				};
			};
			buildConfigurationList = 361904482AF4EC8100DA3DF0 /* Build configuration list for PBXProject "Snapgram" */;
			compatibilityVersion = "Xcode 14.0";
			developmentRegion = en;
			hasScannedForEncodings = 0;
			knownRegions = (
				en,
				Base,
			);
			mainGroup = 361904442AF4EC8100DA3DF0;
			packageReferences = (
				361905532AF4EFB700DA3DF0 /* XCRemoteSwiftPackageReference "FloatingPanel" */,
				361905562AF4EFD600DA3DF0 /* XCRemoteSwiftPackageReference "lottie-ios" */,
			);
			productRefGroup = 3619044E2AF4EC8100DA3DF0 /* Products */;
			projectDirPath = "";
			projectRoot = "";
			targets = (
				3619044C2AF4EC8100DA3DF0 /* Snapgram */,
				361904622AF4EC8300DA3DF0 /* SnapgramTests */,
				3619046C2AF4EC8400DA3DF0 /* SnapgramUITests */,
			);
		};
/* End PBXProject section */

/* Begin PBXResourcesBuildPhase section */
		3619044B2AF4EC8100DA3DF0 /* Resources */ = {
			isa = PBXResourcesBuildPhase;
			buildActionMask = 2147483647;
			files = (
				361905942AF4F10F00DA3DF0 /* ProfileViewController.xib in Resources */,
				3619059E2AF4F10F00DA3DF0 /* RegisterViewController.xib in Resources */,
				3619058E2AF4F10F00DA3DF0 /* FolderViewController.xib in Resources */,
				3619045D2AF4EC8300DA3DF0 /* LaunchScreen.storyboard in Resources */,
				3619052D2AF4EF2400DA3DF0 /* CustomButton.xib in Resources */,
				361905A12AF4F10F00DA3DF0 /* LoginViewController.xib in Resources */,
				361905AC2AF4F10F00DA3DF0 /* StoryViewController.xib in Resources */,
				3619059B2AF4F10F00DA3DF0 /* AddStoryViewController.xib in Resources */,
				3619052E2AF4EF2400DA3DF0 /* CustomInputField.xib in Resources */,
				361905A72AF4F10F00DA3DF0 /* SnapTableCell.xib in Resources */,
				361905A62AF4F10F00DA3DF0 /* SnapCollectionCell.xib in Resources */,
				361905982AF4F10F00DA3DF0 /* PictureOptionBottomSheetViewController.xib in Resources */,
				361905912AF4F10F00DA3DF0 /* MapViewController.xib in Resources */,
				3619045A2AF4EC8300DA3DF0 /* Assets.xcassets in Resources */,
				361905A02AF4F10F00DA3DF0 /* Test1ViewController.xib in Resources */,
				361905A32AF4F10F00DA3DF0 /* StoryTableCell.xib in Resources */,
				361905922AF4F10F00DA3DF0 /* ProfileCollectionViewCell.xib in Resources */,
				361904582AF4EC8100DA3DF0 /* Main.storyboard in Resources */,
				361905962AF4F10F00DA3DF0 /* ProfileBottomSheetViewController.xib in Resources */,
			);
			runOnlyForDeploymentPostprocessing = 0;
		};
		361904612AF4EC8300DA3DF0 /* Resources */ = {
			isa = PBXResourcesBuildPhase;
			buildActionMask = 2147483647;
			files = (
			);
			runOnlyForDeploymentPostprocessing = 0;
		};
		3619046B2AF4EC8400DA3DF0 /* Resources */ = {
			isa = PBXResourcesBuildPhase;
			buildActionMask = 2147483647;
			files = (
			);
			runOnlyForDeploymentPostprocessing = 0;
		};
/* End PBXResourcesBuildPhase section */

/* Begin PBXSourcesBuildPhase section */
		361904492AF4EC8100DA3DF0 /* Sources */ = {
			isa = PBXSourcesBuildPhase;
			buildActionMask = 2147483647;
			files = (
				361905AA2AF4F10F00DA3DF0 /* SnapCollectionEntity.swift in Sources */,
				361904552AF4EC8100DA3DF0 /* ViewController.swift in Sources */,
				361905312AF4EF2400DA3DF0 /* BaseViewController.swift in Sources */,
				361905932AF4F10F00DA3DF0 /* ProfileCollectionViewCell.swift in Sources */,
				3619059F2AF4F10F00DA3DF0 /* RegisterViewController.swift in Sources */,
				3619052C2AF4EF2400DA3DF0 /* CustomButton.swift in Sources */,
				3619052B2AF4EF2400DA3DF0 /* ExtCollectionView.swift in Sources */,
				361905AE2AF4FA9A00DA3DF0 /* Constants.swift in Sources */,
				361905A42AF4F10F00DA3DF0 /* StoryTableCell.swift in Sources */,
				361905292AF4EF2400DA3DF0 /* ExtRegister.swift in Sources */,
				3619059C2AF4F10F00DA3DF0 /* AddStoryViewController.swift in Sources */,
				361904512AF4EC8100DA3DF0 /* AppDelegate.swift in Sources */,
				3619052A2AF4EF2400DA3DF0 /* ExtLogin.swift in Sources */,
				361905302AF4EF2400DA3DF0 /* CapturedImageView.swift in Sources */,
				361905A92AF4F10F00DA3DF0 /* StoryViewController.swift in Sources */,
				3619058D2AF4F10F00DA3DF0 /* FolderViewController.swift in Sources */,
				361905272AF4EF2400DA3DF0 /* ExtTableView.swift in Sources */,
				361905A22AF4F10F00DA3DF0 /* LoginViewController.swift in Sources */,
				361905282AF4EF2400DA3DF0 /* ExtView.swift in Sources */,
				361905A82AF4F10F00DA3DF0 /* SnapTableCell.swift in Sources */,
				361904532AF4EC8100DA3DF0 /* SceneDelegate.swift in Sources */,
				3619052F2AF4EF2400DA3DF0 /* CustomInputField.swift in Sources */,
				361905AB2AF4F10F00DA3DF0 /* StoryTableEntity.swift in Sources */,
				361905952AF4F10F00DA3DF0 /* ProfileCollectionEntity.swift in Sources */,
				3619058F2AF4F10F00DA3DF0 /* TabBarViewController.swift in Sources */,
				3619059D2AF4F10F00DA3DF0 /* Test1ViewController.swift in Sources */,
				361905262AF4EF2400DA3DF0 /* ExtAddStory.swift in Sources */,
				361905992AF4F10F00DA3DF0 /* PictureOptionBottomSheetViewController.swift in Sources */,
				3619059A2AF4F10F00DA3DF0 /* ProfileViewController.swift in Sources */,
				361905972AF4F10F00DA3DF0 /* ProfileBottomSheetViewController.swift in Sources */,
				361905902AF4F10F00DA3DF0 /* MapViewController.swift in Sources */,
				361905A52AF4F10F00DA3DF0 /* SnapCollectionCell.swift in Sources */,
			);
			runOnlyForDeploymentPostprocessing = 0;
		};
		3619045F2AF4EC8300DA3DF0 /* Sources */ = {
			isa = PBXSourcesBuildPhase;
			buildActionMask = 2147483647;
			files = (
				361904682AF4EC8400DA3DF0 /* SnapgramTests.swift in Sources */,
			);
			runOnlyForDeploymentPostprocessing = 0;
		};
		361904692AF4EC8400DA3DF0 /* Sources */ = {
			isa = PBXSourcesBuildPhase;
			buildActionMask = 2147483647;
			files = (
				361904742AF4EC8400DA3DF0 /* SnapgramUITestsLaunchTests.swift in Sources */,
				361904722AF4EC8400DA3DF0 /* SnapgramUITests.swift in Sources */,
			);
			runOnlyForDeploymentPostprocessing = 0;
		};
/* End PBXSourcesBuildPhase section */

/* Begin PBXTargetDependency section */
		361904652AF4EC8300DA3DF0 /* PBXTargetDependency */ = {
			isa = PBXTargetDependency;
			target = 3619044C2AF4EC8100DA3DF0 /* Snapgram */;
			targetProxy = 361904642AF4EC8300DA3DF0 /* PBXContainerItemProxy */;
		};
		3619046F2AF4EC8400DA3DF0 /* PBXTargetDependency */ = {
			isa = PBXTargetDependency;
			target = 3619044C2AF4EC8100DA3DF0 /* Snapgram */;
			targetProxy = 3619046E2AF4EC8400DA3DF0 /* PBXContainerItemProxy */;
		};
/* End PBXTargetDependency section */

/* Begin PBXVariantGroup section */
		361904562AF4EC8100DA3DF0 /* Main.storyboard */ = {
			isa = PBXVariantGroup;
			children = (
				361904572AF4EC8100DA3DF0 /* Base */,
			);
			name = Main.storyboard;
			sourceTree = "<group>";
		};
		3619045B2AF4EC8300DA3DF0 /* LaunchScreen.storyboard */ = {
			isa = PBXVariantGroup;
			children = (
				3619045C2AF4EC8300DA3DF0 /* Base */,
			);
			name = LaunchScreen.storyboard;
			sourceTree = "<group>";
		};
/* End PBXVariantGroup section */

/* Begin XCBuildConfiguration section */
		361904752AF4EC8400DA3DF0 /* Debug */ = {
			isa = XCBuildConfiguration;
			buildSettings = {
				ALWAYS_SEARCH_USER_PATHS = NO;
				CLANG_ANALYZER_NONNULL = YES;
				CLANG_ANALYZER_NUMBER_OBJECT_CONVERSION = YES_AGGRESSIVE;
				CLANG_CXX_LANGUAGE_STANDARD = "gnu++20";
				CLANG_ENABLE_MODULES = YES;
				CLANG_ENABLE_OBJC_ARC = YES;
				CLANG_ENABLE_OBJC_WEAK = YES;
				CLANG_WARN_BLOCK_CAPTURE_AUTORELEASING = YES;
				CLANG_WARN_BOOL_CONVERSION = YES;
				CLANG_WARN_COMMA = YES;
				CLANG_WARN_CONSTANT_CONVERSION = YES;
				CLANG_WARN_DEPRECATED_OBJC_IMPLEMENTATIONS = YES;
				CLANG_WARN_DIRECT_OBJC_ISA_USAGE = YES_ERROR;
				CLANG_WARN_DOCUMENTATION_COMMENTS = YES;
				CLANG_WARN_EMPTY_BODY = YES;
				CLANG_WARN_ENUM_CONVERSION = YES;
				CLANG_WARN_INFINITE_RECURSION = YES;
				CLANG_WARN_INT_CONVERSION = YES;
				CLANG_WARN_NON_LITERAL_NULL_CONVERSION = YES;
				CLANG_WARN_OBJC_IMPLICIT_RETAIN_SELF = YES;
				CLANG_WARN_OBJC_LITERAL_CONVERSION = YES;
				CLANG_WARN_OBJC_ROOT_CLASS = YES_ERROR;
				CLANG_WARN_QUOTED_INCLUDE_IN_FRAMEWORK_HEADER = YES;
				CLANG_WARN_RANGE_LOOP_ANALYSIS = YES;
				CLANG_WARN_STRICT_PROTOTYPES = YES;
				CLANG_WARN_SUSPICIOUS_MOVE = YES;
				CLANG_WARN_UNGUARDED_AVAILABILITY = YES_AGGRESSIVE;
				CLANG_WARN_UNREACHABLE_CODE = YES;
				CLANG_WARN__DUPLICATE_METHOD_MATCH = YES;
				COPY_PHASE_STRIP = NO;
				DEBUG_INFORMATION_FORMAT = dwarf;
				ENABLE_STRICT_OBJC_MSGSEND = YES;
				ENABLE_TESTABILITY = YES;
				GCC_C_LANGUAGE_STANDARD = gnu11;
				GCC_DYNAMIC_NO_PIC = NO;
				GCC_NO_COMMON_BLOCKS = YES;
				GCC_OPTIMIZATION_LEVEL = 0;
				GCC_PREPROCESSOR_DEFINITIONS = (
					"DEBUG=1",
					"$(inherited)",
				);
				GCC_WARN_64_TO_32_BIT_CONVERSION = YES;
				GCC_WARN_ABOUT_RETURN_TYPE = YES_ERROR;
				GCC_WARN_UNDECLARED_SELECTOR = YES;
				GCC_WARN_UNINITIALIZED_AUTOS = YES_AGGRESSIVE;
				GCC_WARN_UNUSED_FUNCTION = YES;
				GCC_WARN_UNUSED_VARIABLE = YES;
				IPHONEOS_DEPLOYMENT_TARGET = 16.2;
				MTL_ENABLE_DEBUG_INFO = INCLUDE_SOURCE;
				MTL_FAST_MATH = YES;
				ONLY_ACTIVE_ARCH = YES;
				SDKROOT = iphoneos;
				SWIFT_ACTIVE_COMPILATION_CONDITIONS = DEBUG;
				SWIFT_OPTIMIZATION_LEVEL = "-Onone";
			};
			name = Debug;
		};
		361904762AF4EC8400DA3DF0 /* Release */ = {
			isa = XCBuildConfiguration;
			buildSettings = {
				ALWAYS_SEARCH_USER_PATHS = NO;
				CLANG_ANALYZER_NONNULL = YES;
				CLANG_ANALYZER_NUMBER_OBJECT_CONVERSION = YES_AGGRESSIVE;
				CLANG_CXX_LANGUAGE_STANDARD = "gnu++20";
				CLANG_ENABLE_MODULES = YES;
				CLANG_ENABLE_OBJC_ARC = YES;
				CLANG_ENABLE_OBJC_WEAK = YES;
				CLANG_WARN_BLOCK_CAPTURE_AUTORELEASING = YES;
				CLANG_WARN_BOOL_CONVERSION = YES;
				CLANG_WARN_COMMA = YES;
				CLANG_WARN_CONSTANT_CONVERSION = YES;
				CLANG_WARN_DEPRECATED_OBJC_IMPLEMENTATIONS = YES;
				CLANG_WARN_DIRECT_OBJC_ISA_USAGE = YES_ERROR;
				CLANG_WARN_DOCUMENTATION_COMMENTS = YES;
				CLANG_WARN_EMPTY_BODY = YES;
				CLANG_WARN_ENUM_CONVERSION = YES;
				CLANG_WARN_INFINITE_RECURSION = YES;
				CLANG_WARN_INT_CONVERSION = YES;
				CLANG_WARN_NON_LITERAL_NULL_CONVERSION = YES;
				CLANG_WARN_OBJC_IMPLICIT_RETAIN_SELF = YES;
				CLANG_WARN_OBJC_LITERAL_CONVERSION = YES;
				CLANG_WARN_OBJC_ROOT_CLASS = YES_ERROR;
				CLANG_WARN_QUOTED_INCLUDE_IN_FRAMEWORK_HEADER = YES;
				CLANG_WARN_RANGE_LOOP_ANALYSIS = YES;
				CLANG_WARN_STRICT_PROTOTYPES = YES;
				CLANG_WARN_SUSPICIOUS_MOVE = YES;
				CLANG_WARN_UNGUARDED_AVAILABILITY = YES_AGGRESSIVE;
				CLANG_WARN_UNREACHABLE_CODE = YES;
				CLANG_WARN__DUPLICATE_METHOD_MATCH = YES;
				COPY_PHASE_STRIP = NO;
				DEBUG_INFORMATION_FORMAT = "dwarf-with-dsym";
				ENABLE_NS_ASSERTIONS = NO;
				ENABLE_STRICT_OBJC_MSGSEND = YES;
				GCC_C_LANGUAGE_STANDARD = gnu11;
				GCC_NO_COMMON_BLOCKS = YES;
				GCC_WARN_64_TO_32_BIT_CONVERSION = YES;
				GCC_WARN_ABOUT_RETURN_TYPE = YES_ERROR;
				GCC_WARN_UNDECLARED_SELECTOR = YES;
				GCC_WARN_UNINITIALIZED_AUTOS = YES_AGGRESSIVE;
				GCC_WARN_UNUSED_FUNCTION = YES;
				GCC_WARN_UNUSED_VARIABLE = YES;
				IPHONEOS_DEPLOYMENT_TARGET = 16.2;
				MTL_ENABLE_DEBUG_INFO = NO;
				MTL_FAST_MATH = YES;
				SDKROOT = iphoneos;
				SWIFT_COMPILATION_MODE = wholemodule;
				SWIFT_OPTIMIZATION_LEVEL = "-O";
				VALIDATE_PRODUCT = YES;
			};
			name = Release;
		};
		361904782AF4EC8400DA3DF0 /* Debug */ = {
			isa = XCBuildConfiguration;
			buildSettings = {
				ASSETCATALOG_COMPILER_APPICON_NAME = AppIcon;
				ASSETCATALOG_COMPILER_GLOBAL_ACCENT_COLOR_NAME = AccentColor;
				CODE_SIGN_STYLE = Automatic;
				CURRENT_PROJECT_VERSION = 1;
				GENERATE_INFOPLIST_FILE = YES;
				INFOPLIST_FILE = Snapgram/Info.plist;
				INFOPLIST_KEY_UIApplicationSupportsIndirectInputEvents = YES;
				INFOPLIST_KEY_UILaunchStoryboardName = LaunchScreen;
				INFOPLIST_KEY_UIMainStoryboardFile = Main;
				INFOPLIST_KEY_UISupportedInterfaceOrientations_iPad = "UIInterfaceOrientationPortrait UIInterfaceOrientationPortraitUpsideDown UIInterfaceOrientationLandscapeLeft UIInterfaceOrientationLandscapeRight";
				INFOPLIST_KEY_UISupportedInterfaceOrientations_iPhone = "UIInterfaceOrientationPortrait UIInterfaceOrientationLandscapeLeft UIInterfaceOrientationLandscapeRight";
				LD_RUNPATH_SEARCH_PATHS = (
					"$(inherited)",
					"@executable_path/Frameworks",
				);
				MARKETING_VERSION = 1.0;
				PRODUCT_BUNDLE_IDENTIFIER = com.ibrohim.Snapgram;
				PRODUCT_NAME = "$(TARGET_NAME)";
				SWIFT_EMIT_LOC_STRINGS = YES;
				SWIFT_VERSION = 5.0;
				TARGETED_DEVICE_FAMILY = "1,2";
			};
			name = Debug;
		};
		361904792AF4EC8400DA3DF0 /* Release */ = {
			isa = XCBuildConfiguration;
			buildSettings = {
				ASSETCATALOG_COMPILER_APPICON_NAME = AppIcon;
				ASSETCATALOG_COMPILER_GLOBAL_ACCENT_COLOR_NAME = AccentColor;
				CODE_SIGN_STYLE = Automatic;
				CURRENT_PROJECT_VERSION = 1;
				GENERATE_INFOPLIST_FILE = YES;
				INFOPLIST_FILE = Snapgram/Info.plist;
				INFOPLIST_KEY_UIApplicationSupportsIndirectInputEvents = YES;
				INFOPLIST_KEY_UILaunchStoryboardName = LaunchScreen;
				INFOPLIST_KEY_UIMainStoryboardFile = Main;
				INFOPLIST_KEY_UISupportedInterfaceOrientations_iPad = "UIInterfaceOrientationPortrait UIInterfaceOrientationPortraitUpsideDown UIInterfaceOrientationLandscapeLeft UIInterfaceOrientationLandscapeRight";
				INFOPLIST_KEY_UISupportedInterfaceOrientations_iPhone = "UIInterfaceOrientationPortrait UIInterfaceOrientationLandscapeLeft UIInterfaceOrientationLandscapeRight";
				LD_RUNPATH_SEARCH_PATHS = (
					"$(inherited)",
					"@executable_path/Frameworks",
				);
				MARKETING_VERSION = 1.0;
				PRODUCT_BUNDLE_IDENTIFIER = com.ibrohim.Snapgram;
				PRODUCT_NAME = "$(TARGET_NAME)";
				SWIFT_EMIT_LOC_STRINGS = YES;
				SWIFT_VERSION = 5.0;
				TARGETED_DEVICE_FAMILY = "1,2";
			};
			name = Release;
		};
		3619047B2AF4EC8400DA3DF0 /* Debug */ = {
			isa = XCBuildConfiguration;
			buildSettings = {
				ALWAYS_EMBED_SWIFT_STANDARD_LIBRARIES = YES;
				BUNDLE_LOADER = "$(TEST_HOST)";
				CODE_SIGN_STYLE = Automatic;
				CURRENT_PROJECT_VERSION = 1;
				GENERATE_INFOPLIST_FILE = YES;
				IPHONEOS_DEPLOYMENT_TARGET = 16.2;
				MARKETING_VERSION = 1.0;
				PRODUCT_BUNDLE_IDENTIFIER = com.ibrohim.SnapgramTests;
				PRODUCT_NAME = "$(TARGET_NAME)";
				SWIFT_EMIT_LOC_STRINGS = NO;
				SWIFT_VERSION = 5.0;
				TARGETED_DEVICE_FAMILY = "1,2";
				TEST_HOST = "$(BUILT_PRODUCTS_DIR)/Snapgram.app/$(BUNDLE_EXECUTABLE_FOLDER_PATH)/Snapgram";
			};
			name = Debug;
		};
		3619047C2AF4EC8400DA3DF0 /* Release */ = {
			isa = XCBuildConfiguration;
			buildSettings = {
				ALWAYS_EMBED_SWIFT_STANDARD_LIBRARIES = YES;
				BUNDLE_LOADER = "$(TEST_HOST)";
				CODE_SIGN_STYLE = Automatic;
				CURRENT_PROJECT_VERSION = 1;
				GENERATE_INFOPLIST_FILE = YES;
				IPHONEOS_DEPLOYMENT_TARGET = 16.2;
				MARKETING_VERSION = 1.0;
				PRODUCT_BUNDLE_IDENTIFIER = com.ibrohim.SnapgramTests;
				PRODUCT_NAME = "$(TARGET_NAME)";
				SWIFT_EMIT_LOC_STRINGS = NO;
				SWIFT_VERSION = 5.0;
				TARGETED_DEVICE_FAMILY = "1,2";
				TEST_HOST = "$(BUILT_PRODUCTS_DIR)/Snapgram.app/$(BUNDLE_EXECUTABLE_FOLDER_PATH)/Snapgram";
			};
			name = Release;
		};
		3619047E2AF4EC8400DA3DF0 /* Debug */ = {
			isa = XCBuildConfiguration;
			buildSettings = {
				ALWAYS_EMBED_SWIFT_STANDARD_LIBRARIES = YES;
				CODE_SIGN_STYLE = Automatic;
				CURRENT_PROJECT_VERSION = 1;
				GENERATE_INFOPLIST_FILE = YES;
				MARKETING_VERSION = 1.0;
				PRODUCT_BUNDLE_IDENTIFIER = com.ibrohim.SnapgramUITests;
				PRODUCT_NAME = "$(TARGET_NAME)";
				SWIFT_EMIT_LOC_STRINGS = NO;
				SWIFT_VERSION = 5.0;
				TARGETED_DEVICE_FAMILY = "1,2";
				TEST_TARGET_NAME = Snapgram;
			};
			name = Debug;
		};
		3619047F2AF4EC8400DA3DF0 /* Release */ = {
			isa = XCBuildConfiguration;
			buildSettings = {
				ALWAYS_EMBED_SWIFT_STANDARD_LIBRARIES = YES;
				CODE_SIGN_STYLE = Automatic;
				CURRENT_PROJECT_VERSION = 1;
				GENERATE_INFOPLIST_FILE = YES;
				MARKETING_VERSION = 1.0;
				PRODUCT_BUNDLE_IDENTIFIER = com.ibrohim.SnapgramUITests;
				PRODUCT_NAME = "$(TARGET_NAME)";
				SWIFT_EMIT_LOC_STRINGS = NO;
				SWIFT_VERSION = 5.0;
				TARGETED_DEVICE_FAMILY = "1,2";
				TEST_TARGET_NAME = Snapgram;
			};
			name = Release;
		};
/* End XCBuildConfiguration section */

/* Begin XCConfigurationList section */
		361904482AF4EC8100DA3DF0 /* Build configuration list for PBXProject "Snapgram" */ = {
			isa = XCConfigurationList;
			buildConfigurations = (
				361904752AF4EC8400DA3DF0 /* Debug */,
				361904762AF4EC8400DA3DF0 /* Release */,
			);
			defaultConfigurationIsVisible = 0;
			defaultConfigurationName = Release;
		};
		361904772AF4EC8400DA3DF0 /* Build configuration list for PBXNativeTarget "Snapgram" */ = {
			isa = XCConfigurationList;
			buildConfigurations = (
				361904782AF4EC8400DA3DF0 /* Debug */,
				361904792AF4EC8400DA3DF0 /* Release */,
			);
			defaultConfigurationIsVisible = 0;
			defaultConfigurationName = Release;
		};
		3619047A2AF4EC8400DA3DF0 /* Build configuration list for PBXNativeTarget "SnapgramTests" */ = {
			isa = XCConfigurationList;
			buildConfigurations = (
				3619047B2AF4EC8400DA3DF0 /* Debug */,
				3619047C2AF4EC8400DA3DF0 /* Release */,
			);
			defaultConfigurationIsVisible = 0;
			defaultConfigurationName = Release;
		};
		3619047D2AF4EC8400DA3DF0 /* Build configuration list for PBXNativeTarget "SnapgramUITests" */ = {
			isa = XCConfigurationList;
			buildConfigurations = (
				3619047E2AF4EC8400DA3DF0 /* Debug */,
				3619047F2AF4EC8400DA3DF0 /* Release */,
			);
			defaultConfigurationIsVisible = 0;
			defaultConfigurationName = Release;
		};
/* End XCConfigurationList section */

/* Begin XCRemoteSwiftPackageReference section */
		361905532AF4EFB700DA3DF0 /* XCRemoteSwiftPackageReference "FloatingPanel" */ = {
			isa = XCRemoteSwiftPackageReference;
			repositoryURL = "https://github.com/scenee/FloatingPanel";
			requirement = {
				branch = master;
				kind = branch;
			};
		};
		361905562AF4EFD600DA3DF0 /* XCRemoteSwiftPackageReference "lottie-ios" */ = {
			isa = XCRemoteSwiftPackageReference;
			repositoryURL = "https://github.com/airbnb/lottie-ios";
			requirement = {
				branch = master;
				kind = branch;
			};
		};
/* End XCRemoteSwiftPackageReference section */

/* Begin XCSwiftPackageProductDependency section */
		361905542AF4EFB700DA3DF0 /* FloatingPanel */ = {
			isa = XCSwiftPackageProductDependency;
			package = 361905532AF4EFB700DA3DF0 /* XCRemoteSwiftPackageReference "FloatingPanel" */;
			productName = FloatingPanel;
		};
		361905572AF4EFD600DA3DF0 /* Lottie */ = {
			isa = XCSwiftPackageProductDependency;
			package = 361905562AF4EFD600DA3DF0 /* XCRemoteSwiftPackageReference "lottie-ios" */;
			productName = Lottie;
		};
/* End XCSwiftPackageProductDependency section */
	};
	rootObject = 361904452AF4EC8100DA3DF0 /* Project object */;
}
