// !$*UTF8*$!
{
	archiveVersion = 1;
	classes = {
	};
	objectVersion = 56;
	objects = {

/* Begin PBXBuildFile section */
		3624E59D2AEA5F4F00D65768 /* ExtTableView.swift in Sources */ = {isa = PBXBuildFile; fileRef = 3624E59C2AEA5F4F00D65768 /* ExtTableView.swift */; };
		362A662E2AEF8900009637DC /* TabBarViewController.swift in Sources */ = {isa = PBXBuildFile; fileRef = 362A662D2AEF8900009637DC /* TabBarViewController.swift */; };
		364F516A2AEFAF5400271816 /* SnapCollectionEntity.swift in Sources */ = {isa = PBXBuildFile; fileRef = 364F51692AEFAF5400271816 /* SnapCollectionEntity.swift */; };
		366AA36D2AEB43BE00CEB490 /* ProfileViewController.swift in Sources */ = {isa = PBXBuildFile; fileRef = 366AA36C2AEB43BE00CEB490 /* ProfileViewController.swift */; };
		369646692AF25076003C5205 /* CustomInputField.swift in Sources */ = {isa = PBXBuildFile; fileRef = 369646682AF25076003C5205 /* CustomInputField.swift */; };
		3696466F2AF25190003C5205 /* CustomInputField.xib in Resources */ = {isa = PBXBuildFile; fileRef = 3696466E2AF25190003C5205 /* CustomInputField.xib */; };
		369646722AF25390003C5205 /* Lottie in Frameworks */ = {isa = PBXBuildFile; productRef = 369646712AF25390003C5205 /* Lottie */; };
		369646742AF25410003C5205 /* ExtView.swift in Sources */ = {isa = PBXBuildFile; fileRef = 369646732AF25410003C5205 /* ExtView.swift */; };
		369646772AF25445003C5205 /* CustomButton.swift in Sources */ = {isa = PBXBuildFile; fileRef = 369646762AF25445003C5205 /* CustomButton.swift */; };
		3696467B2AF255CD003C5205 /* CustomButton.xib in Resources */ = {isa = PBXBuildFile; fileRef = 3696467A2AF255CD003C5205 /* CustomButton.xib */; };
		36A9BADE2AF2646F00B44206 /* ExtLogin.swift in Sources */ = {isa = PBXBuildFile; fileRef = 36A9BADD2AF2646F00B44206 /* ExtLogin.swift */; };
		36A9BAE12AF2662C00B44206 /* LoginViewController.swift in Sources */ = {isa = PBXBuildFile; fileRef = 36A9BADF2AF2662C00B44206 /* LoginViewController.swift */; };
		36A9BAE22AF2662C00B44206 /* LoginViewController.xib in Resources */ = {isa = PBXBuildFile; fileRef = 36A9BAE02AF2662C00B44206 /* LoginViewController.xib */; };
		36AF84AF2AE8EE6A00A34680 /* AppDelegate.swift in Sources */ = {isa = PBXBuildFile; fileRef = 36AF84AE2AE8EE6A00A34680 /* AppDelegate.swift */; };
		36AF84B12AE8EE6A00A34680 /* SceneDelegate.swift in Sources */ = {isa = PBXBuildFile; fileRef = 36AF84B02AE8EE6A00A34680 /* SceneDelegate.swift */; };
		36AF84B82AE8EE6B00A34680 /* Assets.xcassets in Resources */ = {isa = PBXBuildFile; fileRef = 36AF84B72AE8EE6B00A34680 /* Assets.xcassets */; };
		36AF84BB2AE8EE6B00A34680 /* LaunchScreen.storyboard in Resources */ = {isa = PBXBuildFile; fileRef = 36AF84B92AE8EE6B00A34680 /* LaunchScreen.storyboard */; };
		36AF84C62AE8EE6C00A34680 /* LatihanProfileTests.swift in Sources */ = {isa = PBXBuildFile; fileRef = 36AF84C52AE8EE6C00A34680 /* LatihanProfileTests.swift */; };
		36AF84D02AE8EE6C00A34680 /* LatihanProfileUITests.swift in Sources */ = {isa = PBXBuildFile; fileRef = 36AF84CF2AE8EE6C00A34680 /* LatihanProfileUITests.swift */; };
		36AF84D22AE8EE6C00A34680 /* LatihanProfileUITestsLaunchTests.swift in Sources */ = {isa = PBXBuildFile; fileRef = 36AF84D12AE8EE6C00A34680 /* LatihanProfileUITestsLaunchTests.swift */; };
		36B8A29D2AEA47F200AEF5E6 /* StoryTableCell.swift in Sources */ = {isa = PBXBuildFile; fileRef = 36B8A29B2AEA47F200AEF5E6 /* StoryTableCell.swift */; };
		36B8A29E2AEA47F200AEF5E6 /* StoryTableCell.xib in Resources */ = {isa = PBXBuildFile; fileRef = 36B8A29C2AEA47F200AEF5E6 /* StoryTableCell.xib */; };
		36BB3F072AEB943900A6E136 /* ProfileCollectionViewCell.swift in Sources */ = {isa = PBXBuildFile; fileRef = 36BB3F052AEB943900A6E136 /* ProfileCollectionViewCell.swift */; };
		36BB3F082AEB943900A6E136 /* ProfileCollectionViewCell.xib in Resources */ = {isa = PBXBuildFile; fileRef = 36BB3F062AEB943900A6E136 /* ProfileCollectionViewCell.xib */; };
		36BB3F0B2AEB969200A6E136 /* ProfileCollectionEntity.swift in Sources */ = {isa = PBXBuildFile; fileRef = 36BB3F0A2AEB969200A6E136 /* ProfileCollectionEntity.swift */; };
		36BB3F0D2AEB9A2000A6E136 /* ExtCollectionView.swift in Sources */ = {isa = PBXBuildFile; fileRef = 36BB3F0C2AEB9A2000A6E136 /* ExtCollectionView.swift */; };
		36BFA5352AEB91BA00D06220 /* ProfileViewController.xib in Resources */ = {isa = PBXBuildFile; fileRef = 36BFA5342AEB91BA00D06220 /* ProfileViewController.xib */; };
		36D3E2292AEB6FA800AF6848 /* StoryTableEntity.swift in Sources */ = {isa = PBXBuildFile; fileRef = 36D3E2282AEB6FA800AF6848 /* StoryTableEntity.swift */; };
		36D8E7A92AF1F28D001BC386 /* AddStoryViewController.swift in Sources */ = {isa = PBXBuildFile; fileRef = 36D8E7A72AF1F28D001BC386 /* AddStoryViewController.swift */; };
		36D8E7AA2AF1F28D001BC386 /* AddStoryViewController.xib in Resources */ = {isa = PBXBuildFile; fileRef = 36D8E7A82AF1F28D001BC386 /* AddStoryViewController.xib */; };
		36D8E7AC2AF1FC77001BC386 /* ExtCamera.swift in Sources */ = {isa = PBXBuildFile; fileRef = 36D8E7AB2AF1FC77001BC386 /* ExtCamera.swift */; };
		36D8E7AE2AF1FCF7001BC386 /* CapturedImageView.swift in Sources */ = {isa = PBXBuildFile; fileRef = 36D8E7AD2AF1FCF7001BC386 /* CapturedImageView.swift */; };
		36D8E7B42AF2045B001BC386 /* FloatingPanel in Frameworks */ = {isa = PBXBuildFile; productRef = 36D8E7B32AF2045B001BC386 /* FloatingPanel */; };
		36D8E7B82AF2075D001BC386 /* ProfileBottomSheetViewController.swift in Sources */ = {isa = PBXBuildFile; fileRef = 36D8E7B62AF2075D001BC386 /* ProfileBottomSheetViewController.swift */; };
		36D8E7B92AF2075D001BC386 /* ProfileBottomSheetViewController.xib in Resources */ = {isa = PBXBuildFile; fileRef = 36D8E7B72AF2075D001BC386 /* ProfileBottomSheetViewController.xib */; };
		36D8E7BE2AF226AF001BC386 /* PictureOptionBottomSheetViewController.swift in Sources */ = {isa = PBXBuildFile; fileRef = 36D8E7BC2AF226AF001BC386 /* PictureOptionBottomSheetViewController.swift */; };
		36D8E7BF2AF226AF001BC386 /* PictureOptionBottomSheetViewController.xib in Resources */ = {isa = PBXBuildFile; fileRef = 36D8E7BD2AF226AF001BC386 /* PictureOptionBottomSheetViewController.xib */; };
		36E334CD2AEF941B00490F8C /* StoryViewController.swift in Sources */ = {isa = PBXBuildFile; fileRef = 36E334CB2AEF941B00490F8C /* StoryViewController.swift */; };
		36E334CE2AEF941B00490F8C /* StoryViewController.xib in Resources */ = {isa = PBXBuildFile; fileRef = 36E334CC2AEF941B00490F8C /* StoryViewController.xib */; };
		36E334D22AEF9A9E00490F8C /* SnapTableCell.swift in Sources */ = {isa = PBXBuildFile; fileRef = 36E334D02AEF9A9E00490F8C /* SnapTableCell.swift */; };
		36E334D32AEF9A9E00490F8C /* SnapTableCell.xib in Resources */ = {isa = PBXBuildFile; fileRef = 36E334D12AEF9A9E00490F8C /* SnapTableCell.xib */; };
		36E334D72AEF9C4900490F8C /* SnapCollectionViewCell.swift in Sources */ = {isa = PBXBuildFile; fileRef = 36E334D52AEF9C4900490F8C /* SnapCollectionViewCell.swift */; };
		36E334D82AEF9C4900490F8C /* SnapCollectionViewCell.xib in Resources */ = {isa = PBXBuildFile; fileRef = 36E334D62AEF9C4900490F8C /* SnapCollectionViewCell.xib */; };
/* End PBXBuildFile section */

/* Begin PBXContainerItemProxy section */
		36AF84C22AE8EE6C00A34680 /* PBXContainerItemProxy */ = {
			isa = PBXContainerItemProxy;
			containerPortal = 36AF84A32AE8EE6A00A34680 /* Project object */;
			proxyType = 1;
			remoteGlobalIDString = 36AF84AA2AE8EE6A00A34680;
			remoteInfo = LatihanProfile;
		};
		36AF84CC2AE8EE6C00A34680 /* PBXContainerItemProxy */ = {
			isa = PBXContainerItemProxy;
			containerPortal = 36AF84A32AE8EE6A00A34680 /* Project object */;
			proxyType = 1;
			remoteGlobalIDString = 36AF84AA2AE8EE6A00A34680;
			remoteInfo = LatihanProfile;
		};
/* End PBXContainerItemProxy section */

/* Begin PBXFileReference section */
		3624E59C2AEA5F4F00D65768 /* ExtTableView.swift */ = {isa = PBXFileReference; lastKnownFileType = sourcecode.swift; path = ExtTableView.swift; sourceTree = "<group>"; };
		362A662D2AEF8900009637DC /* TabBarViewController.swift */ = {isa = PBXFileReference; lastKnownFileType = sourcecode.swift; path = TabBarViewController.swift; sourceTree = "<group>"; };
		364F51692AEFAF5400271816 /* SnapCollectionEntity.swift */ = {isa = PBXFileReference; lastKnownFileType = sourcecode.swift; path = SnapCollectionEntity.swift; sourceTree = "<group>"; };
		366AA36C2AEB43BE00CEB490 /* ProfileViewController.swift */ = {isa = PBXFileReference; lastKnownFileType = sourcecode.swift; path = ProfileViewController.swift; sourceTree = "<group>"; };
		369646682AF25076003C5205 /* CustomInputField.swift */ = {isa = PBXFileReference; lastKnownFileType = sourcecode.swift; path = CustomInputField.swift; sourceTree = "<group>"; };
		3696466E2AF25190003C5205 /* CustomInputField.xib */ = {isa = PBXFileReference; lastKnownFileType = file.xib; path = CustomInputField.xib; sourceTree = "<group>"; };
		369646732AF25410003C5205 /* ExtView.swift */ = {isa = PBXFileReference; lastKnownFileType = sourcecode.swift; path = ExtView.swift; sourceTree = "<group>"; };
		369646762AF25445003C5205 /* CustomButton.swift */ = {isa = PBXFileReference; lastKnownFileType = sourcecode.swift; path = CustomButton.swift; sourceTree = "<group>"; };
		3696467A2AF255CD003C5205 /* CustomButton.xib */ = {isa = PBXFileReference; lastKnownFileType = file.xib; path = CustomButton.xib; sourceTree = "<group>"; };
		36A9BADD2AF2646F00B44206 /* ExtLogin.swift */ = {isa = PBXFileReference; lastKnownFileType = sourcecode.swift; path = ExtLogin.swift; sourceTree = "<group>"; };
		36A9BADF2AF2662C00B44206 /* LoginViewController.swift */ = {isa = PBXFileReference; lastKnownFileType = sourcecode.swift; path = LoginViewController.swift; sourceTree = "<group>"; };
		36A9BAE02AF2662C00B44206 /* LoginViewController.xib */ = {isa = PBXFileReference; lastKnownFileType = file.xib; path = LoginViewController.xib; sourceTree = "<group>"; };
		36AF84AB2AE8EE6A00A34680 /* LatihanProfile.app */ = {isa = PBXFileReference; explicitFileType = wrapper.application; includeInIndex = 0; path = LatihanProfile.app; sourceTree = BUILT_PRODUCTS_DIR; };
		36AF84AE2AE8EE6A00A34680 /* AppDelegate.swift */ = {isa = PBXFileReference; lastKnownFileType = sourcecode.swift; path = AppDelegate.swift; sourceTree = "<group>"; };
		36AF84B02AE8EE6A00A34680 /* SceneDelegate.swift */ = {isa = PBXFileReference; lastKnownFileType = sourcecode.swift; path = SceneDelegate.swift; sourceTree = "<group>"; };
		36AF84B72AE8EE6B00A34680 /* Assets.xcassets */ = {isa = PBXFileReference; lastKnownFileType = folder.assetcatalog; path = Assets.xcassets; sourceTree = "<group>"; };
		36AF84BA2AE8EE6B00A34680 /* Base */ = {isa = PBXFileReference; lastKnownFileType = file.storyboard; name = Base; path = Base.lproj/LaunchScreen.storyboard; sourceTree = "<group>"; };
		36AF84BC2AE8EE6B00A34680 /* Info.plist */ = {isa = PBXFileReference; lastKnownFileType = text.plist.xml; path = Info.plist; sourceTree = "<group>"; };
		36AF84C12AE8EE6C00A34680 /* LatihanProfileTests.xctest */ = {isa = PBXFileReference; explicitFileType = wrapper.cfbundle; includeInIndex = 0; path = LatihanProfileTests.xctest; sourceTree = BUILT_PRODUCTS_DIR; };
		36AF84C52AE8EE6C00A34680 /* LatihanProfileTests.swift */ = {isa = PBXFileReference; lastKnownFileType = sourcecode.swift; path = LatihanProfileTests.swift; sourceTree = "<group>"; };
		36AF84CB2AE8EE6C00A34680 /* LatihanProfileUITests.xctest */ = {isa = PBXFileReference; explicitFileType = wrapper.cfbundle; includeInIndex = 0; path = LatihanProfileUITests.xctest; sourceTree = BUILT_PRODUCTS_DIR; };
		36AF84CF2AE8EE6C00A34680 /* LatihanProfileUITests.swift */ = {isa = PBXFileReference; lastKnownFileType = sourcecode.swift; path = LatihanProfileUITests.swift; sourceTree = "<group>"; };
		36AF84D12AE8EE6C00A34680 /* LatihanProfileUITestsLaunchTests.swift */ = {isa = PBXFileReference; lastKnownFileType = sourcecode.swift; path = LatihanProfileUITestsLaunchTests.swift; sourceTree = "<group>"; };
		36B8A29B2AEA47F200AEF5E6 /* StoryTableCell.swift */ = {isa = PBXFileReference; lastKnownFileType = sourcecode.swift; path = StoryTableCell.swift; sourceTree = "<group>"; };
		36B8A29C2AEA47F200AEF5E6 /* StoryTableCell.xib */ = {isa = PBXFileReference; lastKnownFileType = file.xib; path = StoryTableCell.xib; sourceTree = "<group>"; };
		36BB3F052AEB943900A6E136 /* ProfileCollectionViewCell.swift */ = {isa = PBXFileReference; lastKnownFileType = sourcecode.swift; path = ProfileCollectionViewCell.swift; sourceTree = "<group>"; };
		36BB3F062AEB943900A6E136 /* ProfileCollectionViewCell.xib */ = {isa = PBXFileReference; lastKnownFileType = file.xib; path = ProfileCollectionViewCell.xib; sourceTree = "<group>"; };
		36BB3F0A2AEB969200A6E136 /* ProfileCollectionEntity.swift */ = {isa = PBXFileReference; lastKnownFileType = sourcecode.swift; path = ProfileCollectionEntity.swift; sourceTree = "<group>"; };
		36BB3F0C2AEB9A2000A6E136 /* ExtCollectionView.swift */ = {isa = PBXFileReference; lastKnownFileType = sourcecode.swift; path = ExtCollectionView.swift; sourceTree = "<group>"; };
		36BFA5342AEB91BA00D06220 /* ProfileViewController.xib */ = {isa = PBXFileReference; lastKnownFileType = file.xib; path = ProfileViewController.xib; sourceTree = "<group>"; };
		36D3E2282AEB6FA800AF6848 /* StoryTableEntity.swift */ = {isa = PBXFileReference; lastKnownFileType = sourcecode.swift; path = StoryTableEntity.swift; sourceTree = "<group>"; };
		36D8E7A72AF1F28D001BC386 /* AddStoryViewController.swift */ = {isa = PBXFileReference; lastKnownFileType = sourcecode.swift; path = AddStoryViewController.swift; sourceTree = "<group>"; };
		36D8E7A82AF1F28D001BC386 /* AddStoryViewController.xib */ = {isa = PBXFileReference; lastKnownFileType = file.xib; path = AddStoryViewController.xib; sourceTree = "<group>"; };
		36D8E7AB2AF1FC77001BC386 /* ExtCamera.swift */ = {isa = PBXFileReference; lastKnownFileType = sourcecode.swift; path = ExtCamera.swift; sourceTree = "<group>"; };
		36D8E7AD2AF1FCF7001BC386 /* CapturedImageView.swift */ = {isa = PBXFileReference; lastKnownFileType = sourcecode.swift; path = CapturedImageView.swift; sourceTree = "<group>"; };
		36D8E7B62AF2075D001BC386 /* ProfileBottomSheetViewController.swift */ = {isa = PBXFileReference; lastKnownFileType = sourcecode.swift; path = ProfileBottomSheetViewController.swift; sourceTree = "<group>"; };
		36D8E7B72AF2075D001BC386 /* ProfileBottomSheetViewController.xib */ = {isa = PBXFileReference; lastKnownFileType = file.xib; path = ProfileBottomSheetViewController.xib; sourceTree = "<group>"; };
		36D8E7BC2AF226AF001BC386 /* PictureOptionBottomSheetViewController.swift */ = {isa = PBXFileReference; lastKnownFileType = sourcecode.swift; path = PictureOptionBottomSheetViewController.swift; sourceTree = "<group>"; };
		36D8E7BD2AF226AF001BC386 /* PictureOptionBottomSheetViewController.xib */ = {isa = PBXFileReference; lastKnownFileType = file.xib; path = PictureOptionBottomSheetViewController.xib; sourceTree = "<group>"; };
		36E334CB2AEF941B00490F8C /* StoryViewController.swift */ = {isa = PBXFileReference; lastKnownFileType = sourcecode.swift; path = StoryViewController.swift; sourceTree = "<group>"; };
		36E334CC2AEF941B00490F8C /* StoryViewController.xib */ = {isa = PBXFileReference; lastKnownFileType = file.xib; path = StoryViewController.xib; sourceTree = "<group>"; };
		36E334D02AEF9A9E00490F8C /* SnapTableCell.swift */ = {isa = PBXFileReference; lastKnownFileType = sourcecode.swift; path = SnapTableCell.swift; sourceTree = "<group>"; };
		36E334D12AEF9A9E00490F8C /* SnapTableCell.xib */ = {isa = PBXFileReference; lastKnownFileType = file.xib; path = SnapTableCell.xib; sourceTree = "<group>"; };
		36E334D52AEF9C4900490F8C /* SnapCollectionViewCell.swift */ = {isa = PBXFileReference; lastKnownFileType = sourcecode.swift; path = SnapCollectionViewCell.swift; sourceTree = "<group>"; };
		36E334D62AEF9C4900490F8C /* SnapCollectionViewCell.xib */ = {isa = PBXFileReference; lastKnownFileType = file.xib; name = SnapCollectionViewCell.xib; path = "../../../../../../../../../Week 2/Hari Jum'at/Latihan/Snapgram/Snapgram/Module/Story/Cells/Collection Cell/SnapCollectionViewCell.xib"; sourceTree = "<group>"; };
/* End PBXFileReference section */

/* Begin PBXFrameworksBuildPhase section */
		36AF84A82AE8EE6A00A34680 /* Frameworks */ = {
			isa = PBXFrameworksBuildPhase;
			buildActionMask = 2147483647;
			files = (
				36D8E7B42AF2045B001BC386 /* FloatingPanel in Frameworks */,
				369646722AF25390003C5205 /* Lottie in Frameworks */,
			);
			runOnlyForDeploymentPostprocessing = 0;
		};
		36AF84BE2AE8EE6C00A34680 /* Frameworks */ = {
			isa = PBXFrameworksBuildPhase;
			buildActionMask = 2147483647;
			files = (
			);
			runOnlyForDeploymentPostprocessing = 0;
		};
		36AF84C82AE8EE6C00A34680 /* Frameworks */ = {
			isa = PBXFrameworksBuildPhase;
			buildActionMask = 2147483647;
			files = (
			);
			runOnlyForDeploymentPostprocessing = 0;
		};
/* End PBXFrameworksBuildPhase section */

/* Begin PBXGroup section */
		3624E5992AEA50A600D65768 /* Extensions */ = {
			isa = PBXGroup;
			children = (
				3624E59C2AEA5F4F00D65768 /* ExtTableView.swift */,
				36BB3F0C2AEB9A2000A6E136 /* ExtCollectionView.swift */,
				36D8E7AB2AF1FC77001BC386 /* ExtCamera.swift */,
				369646732AF25410003C5205 /* ExtView.swift */,
				36A9BADD2AF2646F00B44206 /* ExtLogin.swift */,
			);
			path = Extensions;
			sourceTree = "<group>";
		};
		3624E59A2AEA50B800D65768 /* Network */ = {
			isa = PBXGroup;
			children = (
			);
			path = Network;
			sourceTree = "<group>";
		};
		3624E59B2AEA50E900D65768 /* Component */ = {
			isa = PBXGroup;
			children = (
				369646752AF2542D003C5205 /* CustomButton */,
				369646672AF25052003C5205 /* CustomInputField */,
				36D8E7AD2AF1FCF7001BC386 /* CapturedImageView.swift */,
			);
			path = Component;
			sourceTree = "<group>";
		};
		362A662C2AEF88C8009637DC /* TabBarViewController */ = {
			isa = PBXGroup;
			children = (
				362A662D2AEF8900009637DC /* TabBarViewController.swift */,
			);
			path = TabBarViewController;
			sourceTree = "<group>";
		};
		364F51682AEFAF0D00271816 /* StoryTableCell */ = {
			isa = PBXGroup;
			children = (
				36B8A29B2AEA47F200AEF5E6 /* StoryTableCell.swift */,
				36B8A29C2AEA47F200AEF5E6 /* StoryTableCell.xib */,
			);
			path = StoryTableCell;
			sourceTree = "<group>";
		};
		366AA36B2AEB439F00CEB490 /* ProfileViewController */ = {
			isa = PBXGroup;
			children = (
				36D8E7B52AF20745001BC386 /* BottomSheet */,
				36BB3F092AEB967800A6E136 /* Model */,
				36BB3F042AEB940B00A6E136 /* CollectionCell */,
				366AA36C2AEB43BE00CEB490 /* ProfileViewController.swift */,
				36BFA5342AEB91BA00D06220 /* ProfileViewController.xib */,
			);
			path = ProfileViewController;
			sourceTree = "<group>";
		};
		369646672AF25052003C5205 /* CustomInputField */ = {
			isa = PBXGroup;
			children = (
				369646682AF25076003C5205 /* CustomInputField.swift */,
				3696466E2AF25190003C5205 /* CustomInputField.xib */,
			);
			path = CustomInputField;
			sourceTree = "<group>";
		};
		369646752AF2542D003C5205 /* CustomButton */ = {
			isa = PBXGroup;
			children = (
				369646762AF25445003C5205 /* CustomButton.swift */,
				3696467A2AF255CD003C5205 /* CustomButton.xib */,
			);
			path = CustomButton;
			sourceTree = "<group>";
		};
		36AF84A22AE8EE6A00A34680 = {
			isa = PBXGroup;
			children = (
				36AF84AD2AE8EE6A00A34680 /* LatihanProfile */,
				36AF84C42AE8EE6C00A34680 /* LatihanProfileTests */,
				36AF84CE2AE8EE6C00A34680 /* LatihanProfileUITests */,
				36AF84AC2AE8EE6A00A34680 /* Products */,
			);
			sourceTree = "<group>";
		};
		36AF84AC2AE8EE6A00A34680 /* Products */ = {
			isa = PBXGroup;
			children = (
				36AF84AB2AE8EE6A00A34680 /* LatihanProfile.app */,
				36AF84C12AE8EE6C00A34680 /* LatihanProfileTests.xctest */,
				36AF84CB2AE8EE6C00A34680 /* LatihanProfileUITests.xctest */,
			);
			name = Products;
			sourceTree = "<group>";
		};
		36AF84AD2AE8EE6A00A34680 /* LatihanProfile */ = {
			isa = PBXGroup;
			children = (
				36AF84BC2AE8EE6B00A34680 /* Info.plist */,
				36F72E302AEA449D00D267F8 /* App */,
				36F72E312AEA44A300D267F8 /* Common */,
				36F72E332AEA44B700D267F8 /* Resource */,
				36F72E322AEA44A900D267F8 /* Module */,
			);
			path = LatihanProfile;
			sourceTree = "<group>";
		};
		36AF84C42AE8EE6C00A34680 /* LatihanProfileTests */ = {
			isa = PBXGroup;
			children = (
				36AF84C52AE8EE6C00A34680 /* LatihanProfileTests.swift */,
			);
			path = LatihanProfileTests;
			sourceTree = "<group>";
		};
		36AF84CE2AE8EE6C00A34680 /* LatihanProfileUITests */ = {
			isa = PBXGroup;
			children = (
				36AF84CF2AE8EE6C00A34680 /* LatihanProfileUITests.swift */,
				36AF84D12AE8EE6C00A34680 /* LatihanProfileUITestsLaunchTests.swift */,
			);
			path = LatihanProfileUITests;
			sourceTree = "<group>";
		};
		36B8A29A2AEA479E00AEF5E6 /* Cells */ = {
			isa = PBXGroup;
			children = (
				36E334D42AEF9C2D00490F8C /* Collection Cells */,
				36E334CF2AEF9A7A00490F8C /* SnapTableCell */,
				364F51682AEFAF0D00271816 /* StoryTableCell */,
			);
			path = Cells;
			sourceTree = "<group>";
		};
		36BB3F042AEB940B00A6E136 /* CollectionCell */ = {
			isa = PBXGroup;
			children = (
				36BB3F052AEB943900A6E136 /* ProfileCollectionViewCell.swift */,
				36BB3F062AEB943900A6E136 /* ProfileCollectionViewCell.xib */,
			);
			path = CollectionCell;
			sourceTree = "<group>";
		};
		36BB3F092AEB967800A6E136 /* Model */ = {
			isa = PBXGroup;
			children = (
				36BB3F0A2AEB969200A6E136 /* ProfileCollectionEntity.swift */,
			);
			path = Model;
			sourceTree = "<group>";
		};
		36D3E2272AEB6F6B00AF6848 /* Model */ = {
			isa = PBXGroup;
			children = (
				36D3E2282AEB6FA800AF6848 /* StoryTableEntity.swift */,
				364F51692AEFAF5400271816 /* SnapCollectionEntity.swift */,
			);
			path = Model;
			sourceTree = "<group>";
		};
		36D833892AF0FA4F00A110CF /* LoginViewController */ = {
			isa = PBXGroup;
			children = (
				36A9BADF2AF2662C00B44206 /* LoginViewController.swift */,
				36A9BAE02AF2662C00B44206 /* LoginViewController.xib */,
			);
			path = LoginViewController;
			sourceTree = "<group>";
		};
		36D8E7A62AF1F269001BC386 /* AddStoryViewController */ = {
			isa = PBXGroup;
			children = (
				36D8E7A72AF1F28D001BC386 /* AddStoryViewController.swift */,
				36D8E7A82AF1F28D001BC386 /* AddStoryViewController.xib */,
			);
			path = AddStoryViewController;
			sourceTree = "<group>";
		};
		36D8E7B52AF20745001BC386 /* BottomSheet */ = {
			isa = PBXGroup;
			children = (
				36D8E7BB2AF22682001BC386 /* PictureOptionBottomSheet */,
				36D8E7BA2AF22662001BC386 /* ProfileBottomSheet */,
			);
			path = BottomSheet;
			sourceTree = "<group>";
		};
		36D8E7BA2AF22662001BC386 /* ProfileBottomSheet */ = {
			isa = PBXGroup;
			children = (
				36D8E7B62AF2075D001BC386 /* ProfileBottomSheetViewController.swift */,
				36D8E7B72AF2075D001BC386 /* ProfileBottomSheetViewController.xib */,
			);
			path = ProfileBottomSheet;
			sourceTree = "<group>";
		};
		36D8E7BB2AF22682001BC386 /* PictureOptionBottomSheet */ = {
			isa = PBXGroup;
			children = (
				36D8E7BC2AF226AF001BC386 /* PictureOptionBottomSheetViewController.swift */,
				36D8E7BD2AF226AF001BC386 /* PictureOptionBottomSheetViewController.xib */,
			);
			path = PictureOptionBottomSheet;
			sourceTree = "<group>";
		};
		36E334CF2AEF9A7A00490F8C /* SnapTableCell */ = {
			isa = PBXGroup;
			children = (
				36E334D02AEF9A9E00490F8C /* SnapTableCell.swift */,
				36E334D12AEF9A9E00490F8C /* SnapTableCell.xib */,
			);
			path = SnapTableCell;
			sourceTree = "<group>";
		};
		36E334D42AEF9C2D00490F8C /* Collection Cells */ = {
			isa = PBXGroup;
			children = (
				36E334D52AEF9C4900490F8C /* SnapCollectionViewCell.swift */,
				36E334D62AEF9C4900490F8C /* SnapCollectionViewCell.xib */,
			);
			path = "Collection Cells";
			sourceTree = "<group>";
		};
		36F72E302AEA449D00D267F8 /* App */ = {
			isa = PBXGroup;
			children = (
				36AF84AE2AE8EE6A00A34680 /* AppDelegate.swift */,
				36AF84B02AE8EE6A00A34680 /* SceneDelegate.swift */,
			);
			path = App;
			sourceTree = "<group>";
		};
		36F72E312AEA44A300D267F8 /* Common */ = {
			isa = PBXGroup;
			children = (
				3624E59B2AEA50E900D65768 /* Component */,
				3624E59A2AEA50B800D65768 /* Network */,
				3624E5992AEA50A600D65768 /* Extensions */,
			);
			path = Common;
			sourceTree = "<group>";
		};
		36F72E322AEA44A900D267F8 /* Module */ = {
			isa = PBXGroup;
			children = (
				36D8E7A62AF1F269001BC386 /* AddStoryViewController */,
				36D833892AF0FA4F00A110CF /* LoginViewController */,
				362A662C2AEF88C8009637DC /* TabBarViewController */,
				366AA36B2AEB439F00CEB490 /* ProfileViewController */,
				36F72E342AEA44F800D267F8 /* StoryViewController */,
			);
			path = Module;
			sourceTree = "<group>";
		};
		36F72E332AEA44B700D267F8 /* Resource */ = {
			isa = PBXGroup;
			children = (
				36AF84B72AE8EE6B00A34680 /* Assets.xcassets */,
				36AF84B92AE8EE6B00A34680 /* LaunchScreen.storyboard */,
			);
			path = Resource;
			sourceTree = "<group>";
		};
		36F72E342AEA44F800D267F8 /* StoryViewController */ = {
			isa = PBXGroup;
			children = (
				36D3E2272AEB6F6B00AF6848 /* Model */,
				36B8A29A2AEA479E00AEF5E6 /* Cells */,
				36E334CB2AEF941B00490F8C /* StoryViewController.swift */,
				36E334CC2AEF941B00490F8C /* StoryViewController.xib */,
			);
			path = StoryViewController;
			sourceTree = "<group>";
		};
/* End PBXGroup section */

/* Begin PBXNativeTarget section */
		36AF84AA2AE8EE6A00A34680 /* LatihanProfile */ = {
			isa = PBXNativeTarget;
			buildConfigurationList = 36AF84D52AE8EE6C00A34680 /* Build configuration list for PBXNativeTarget "LatihanProfile" */;
			buildPhases = (
				36AF84A72AE8EE6A00A34680 /* Sources */,
				36AF84A82AE8EE6A00A34680 /* Frameworks */,
				36AF84A92AE8EE6A00A34680 /* Resources */,
			);
			buildRules = (
			);
			dependencies = (
			);
			name = LatihanProfile;
			packageProductDependencies = (
				36D8E7B32AF2045B001BC386 /* FloatingPanel */,
				369646712AF25390003C5205 /* Lottie */,
			);
			productName = LatihanProfile;
			productReference = 36AF84AB2AE8EE6A00A34680 /* LatihanProfile.app */;
			productType = "com.apple.product-type.application";
		};
		36AF84C02AE8EE6C00A34680 /* LatihanProfileTests */ = {
			isa = PBXNativeTarget;
			buildConfigurationList = 36AF84D82AE8EE6C00A34680 /* Build configuration list for PBXNativeTarget "LatihanProfileTests" */;
			buildPhases = (
				36AF84BD2AE8EE6C00A34680 /* Sources */,
				36AF84BE2AE8EE6C00A34680 /* Frameworks */,
				36AF84BF2AE8EE6C00A34680 /* Resources */,
			);
			buildRules = (
			);
			dependencies = (
				36AF84C32AE8EE6C00A34680 /* PBXTargetDependency */,
			);
			name = LatihanProfileTests;
			productName = LatihanProfileTests;
			productReference = 36AF84C12AE8EE6C00A34680 /* LatihanProfileTests.xctest */;
			productType = "com.apple.product-type.bundle.unit-test";
		};
		36AF84CA2AE8EE6C00A34680 /* LatihanProfileUITests */ = {
			isa = PBXNativeTarget;
			buildConfigurationList = 36AF84DB2AE8EE6C00A34680 /* Build configuration list for PBXNativeTarget "LatihanProfileUITests" */;
			buildPhases = (
				36AF84C72AE8EE6C00A34680 /* Sources */,
				36AF84C82AE8EE6C00A34680 /* Frameworks */,
				36AF84C92AE8EE6C00A34680 /* Resources */,
			);
			buildRules = (
			);
			dependencies = (
				36AF84CD2AE8EE6C00A34680 /* PBXTargetDependency */,
			);
			name = LatihanProfileUITests;
			productName = LatihanProfileUITests;
			productReference = 36AF84CB2AE8EE6C00A34680 /* LatihanProfileUITests.xctest */;
			productType = "com.apple.product-type.bundle.ui-testing";
		};
/* End PBXNativeTarget section */

/* Begin PBXProject section */
		36AF84A32AE8EE6A00A34680 /* Project object */ = {
			isa = PBXProject;
			attributes = {
				BuildIndependentTargetsInParallel = 1;
				LastSwiftUpdateCheck = 1420;
				LastUpgradeCheck = 1420;
				TargetAttributes = {
					36AF84AA2AE8EE6A00A34680 = {
						CreatedOnToolsVersion = 14.2;
					};
					36AF84C02AE8EE6C00A34680 = {
						CreatedOnToolsVersion = 14.2;
						TestTargetID = 36AF84AA2AE8EE6A00A34680;
					};
					36AF84CA2AE8EE6C00A34680 = {
						CreatedOnToolsVersion = 14.2;
						TestTargetID = 36AF84AA2AE8EE6A00A34680;
					};
				};
			};
			buildConfigurationList = 36AF84A62AE8EE6A00A34680 /* Build configuration list for PBXProject "LatihanProfile" */;
			compatibilityVersion = "Xcode 14.0";
			developmentRegion = en;
			hasScannedForEncodings = 0;
			knownRegions = (
				en,
				Base,
			);
			mainGroup = 36AF84A22AE8EE6A00A34680;
			packageReferences = (
				36D8E7B22AF2045B001BC386 /* XCRemoteSwiftPackageReference "FloatingPanel" */,
				369646702AF25390003C5205 /* XCRemoteSwiftPackageReference "lottie-ios" */,
			);
			productRefGroup = 36AF84AC2AE8EE6A00A34680 /* Products */;
			projectDirPath = "";
			projectRoot = "";
			targets = (
				36AF84AA2AE8EE6A00A34680 /* LatihanProfile */,
				36AF84C02AE8EE6C00A34680 /* LatihanProfileTests */,
				36AF84CA2AE8EE6C00A34680 /* LatihanProfileUITests */,
			);
		};
/* End PBXProject section */

/* Begin PBXResourcesBuildPhase section */
		36AF84A92AE8EE6A00A34680 /* Resources */ = {
			isa = PBXResourcesBuildPhase;
			buildActionMask = 2147483647;
			files = (
				36D8E7AA2AF1F28D001BC386 /* AddStoryViewController.xib in Resources */,
				36D8E7BF2AF226AF001BC386 /* PictureOptionBottomSheetViewController.xib in Resources */,
				36D8E7B92AF2075D001BC386 /* ProfileBottomSheetViewController.xib in Resources */,
				36E334D82AEF9C4900490F8C /* SnapCollectionViewCell.xib in Resources */,
				3696467B2AF255CD003C5205 /* CustomButton.xib in Resources */,
				36E334CE2AEF941B00490F8C /* StoryViewController.xib in Resources */,
				36AF84BB2AE8EE6B00A34680 /* LaunchScreen.storyboard in Resources */,
				3696466F2AF25190003C5205 /* CustomInputField.xib in Resources */,
				36AF84B82AE8EE6B00A34680 /* Assets.xcassets in Resources */,
				36E334D32AEF9A9E00490F8C /* SnapTableCell.xib in Resources */,
				36BB3F082AEB943900A6E136 /* ProfileCollectionViewCell.xib in Resources */,
				36A9BAE22AF2662C00B44206 /* LoginViewController.xib in Resources */,
				36B8A29E2AEA47F200AEF5E6 /* StoryTableCell.xib in Resources */,
				36BFA5352AEB91BA00D06220 /* ProfileViewController.xib in Resources */,
			);
			runOnlyForDeploymentPostprocessing = 0;
		};
		36AF84BF2AE8EE6C00A34680 /* Resources */ = {
			isa = PBXResourcesBuildPhase;
			buildActionMask = 2147483647;
			files = (
			);
			runOnlyForDeploymentPostprocessing = 0;
		};
		36AF84C92AE8EE6C00A34680 /* Resources */ = {
			isa = PBXResourcesBuildPhase;
			buildActionMask = 2147483647;
			files = (
			);
			runOnlyForDeploymentPostprocessing = 0;
		};
/* End PBXResourcesBuildPhase section */

/* Begin PBXSourcesBuildPhase section */
		36AF84A72AE8EE6A00A34680 /* Sources */ = {
			isa = PBXSourcesBuildPhase;
			buildActionMask = 2147483647;
			files = (
				36D8E7A92AF1F28D001BC386 /* AddStoryViewController.swift in Sources */,
				36E334CD2AEF941B00490F8C /* StoryViewController.swift in Sources */,
				36BB3F0D2AEB9A2000A6E136 /* ExtCollectionView.swift in Sources */,
				36A9BADE2AF2646F00B44206 /* ExtLogin.swift in Sources */,
				3624E59D2AEA5F4F00D65768 /* ExtTableView.swift in Sources */,
				36D8E7AC2AF1FC77001BC386 /* ExtCamera.swift in Sources */,
				36A9BAE12AF2662C00B44206 /* LoginViewController.swift in Sources */,
				36D8E7AE2AF1FCF7001BC386 /* CapturedImageView.swift in Sources */,
				362A662E2AEF8900009637DC /* TabBarViewController.swift in Sources */,
				36BB3F072AEB943900A6E136 /* ProfileCollectionViewCell.swift in Sources */,
				36BB3F0B2AEB969200A6E136 /* ProfileCollectionEntity.swift in Sources */,
				36AF84AF2AE8EE6A00A34680 /* AppDelegate.swift in Sources */,
				36AF84B12AE8EE6A00A34680 /* SceneDelegate.swift in Sources */,
				366AA36D2AEB43BE00CEB490 /* ProfileViewController.swift in Sources */,
				36B8A29D2AEA47F200AEF5E6 /* StoryTableCell.swift in Sources */,
				369646692AF25076003C5205 /* CustomInputField.swift in Sources */,
				364F516A2AEFAF5400271816 /* SnapCollectionEntity.swift in Sources */,
				36D3E2292AEB6FA800AF6848 /* StoryTableEntity.swift in Sources */,
				369646772AF25445003C5205 /* CustomButton.swift in Sources */,
				36E334D72AEF9C4900490F8C /* SnapCollectionViewCell.swift in Sources */,
				369646742AF25410003C5205 /* ExtView.swift in Sources */,
				36D8E7BE2AF226AF001BC386 /* PictureOptionBottomSheetViewController.swift in Sources */,
				36D8E7B82AF2075D001BC386 /* ProfileBottomSheetViewController.swift in Sources */,
				36E334D22AEF9A9E00490F8C /* SnapTableCell.swift in Sources */,
			);
			runOnlyForDeploymentPostprocessing = 0;
		};
		36AF84BD2AE8EE6C00A34680 /* Sources */ = {
			isa = PBXSourcesBuildPhase;
			buildActionMask = 2147483647;
			files = (
				36AF84C62AE8EE6C00A34680 /* LatihanProfileTests.swift in Sources */,
			);
			runOnlyForDeploymentPostprocessing = 0;
		};
		36AF84C72AE8EE6C00A34680 /* Sources */ = {
			isa = PBXSourcesBuildPhase;
			buildActionMask = 2147483647;
			files = (
				36AF84D22AE8EE6C00A34680 /* LatihanProfileUITestsLaunchTests.swift in Sources */,
				36AF84D02AE8EE6C00A34680 /* LatihanProfileUITests.swift in Sources */,
			);
			runOnlyForDeploymentPostprocessing = 0;
		};
/* End PBXSourcesBuildPhase section */

/* Begin PBXTargetDependency section */
		36AF84C32AE8EE6C00A34680 /* PBXTargetDependency */ = {
			isa = PBXTargetDependency;
			target = 36AF84AA2AE8EE6A00A34680 /* LatihanProfile */;
			targetProxy = 36AF84C22AE8EE6C00A34680 /* PBXContainerItemProxy */;
		};
		36AF84CD2AE8EE6C00A34680 /* PBXTargetDependency */ = {
			isa = PBXTargetDependency;
			target = 36AF84AA2AE8EE6A00A34680 /* LatihanProfile */;
			targetProxy = 36AF84CC2AE8EE6C00A34680 /* PBXContainerItemProxy */;
		};
/* End PBXTargetDependency section */

/* Begin PBXVariantGroup section */
		36AF84B92AE8EE6B00A34680 /* LaunchScreen.storyboard */ = {
			isa = PBXVariantGroup;
			children = (
				36AF84BA2AE8EE6B00A34680 /* Base */,
			);
			name = LaunchScreen.storyboard;
			sourceTree = "<group>";
		};
/* End PBXVariantGroup section */

/* Begin XCBuildConfiguration section */
		36AF84D32AE8EE6C00A34680 /* Debug */ = {
			isa = XCBuildConfiguration;
			buildSettings = {
				ALWAYS_SEARCH_USER_PATHS = NO;
				CLANG_ANALYZER_NONNULL = YES;
				CLANG_ANALYZER_NUMBER_OBJECT_CONVERSION = YES_AGGRESSIVE;
				CLANG_CXX_LANGUAGE_STANDARD = "gnu++20";
				CLANG_ENABLE_MODULES = YES;
				CLANG_ENABLE_OBJC_ARC = YES;
				CLANG_ENABLE_OBJC_WEAK = YES;
				CLANG_WARN_BLOCK_CAPTURE_AUTORELEASING = YES;
				CLANG_WARN_BOOL_CONVERSION = YES;
				CLANG_WARN_COMMA = YES;
				CLANG_WARN_CONSTANT_CONVERSION = YES;
				CLANG_WARN_DEPRECATED_OBJC_IMPLEMENTATIONS = YES;
				CLANG_WARN_DIRECT_OBJC_ISA_USAGE = YES_ERROR;
				CLANG_WARN_DOCUMENTATION_COMMENTS = YES;
				CLANG_WARN_EMPTY_BODY = YES;
				CLANG_WARN_ENUM_CONVERSION = YES;
				CLANG_WARN_INFINITE_RECURSION = YES;
				CLANG_WARN_INT_CONVERSION = YES;
				CLANG_WARN_NON_LITERAL_NULL_CONVERSION = YES;
				CLANG_WARN_OBJC_IMPLICIT_RETAIN_SELF = YES;
				CLANG_WARN_OBJC_LITERAL_CONVERSION = YES;
				CLANG_WARN_OBJC_ROOT_CLASS = YES_ERROR;
				CLANG_WARN_QUOTED_INCLUDE_IN_FRAMEWORK_HEADER = YES;
				CLANG_WARN_RANGE_LOOP_ANALYSIS = YES;
				CLANG_WARN_STRICT_PROTOTYPES = YES;
				CLANG_WARN_SUSPICIOUS_MOVE = YES;
				CLANG_WARN_UNGUARDED_AVAILABILITY = YES_AGGRESSIVE;
				CLANG_WARN_UNREACHABLE_CODE = YES;
				CLANG_WARN__DUPLICATE_METHOD_MATCH = YES;
				COPY_PHASE_STRIP = NO;
				DEBUG_INFORMATION_FORMAT = dwarf;
				ENABLE_STRICT_OBJC_MSGSEND = YES;
				ENABLE_TESTABILITY = YES;
				GCC_C_LANGUAGE_STANDARD = gnu11;
				GCC_DYNAMIC_NO_PIC = NO;
				GCC_NO_COMMON_BLOCKS = YES;
				GCC_OPTIMIZATION_LEVEL = 0;
				GCC_PREPROCESSOR_DEFINITIONS = (
					"DEBUG=1",
					"$(inherited)",
				);
				GCC_WARN_64_TO_32_BIT_CONVERSION = YES;
				GCC_WARN_ABOUT_RETURN_TYPE = YES_ERROR;
				GCC_WARN_UNDECLARED_SELECTOR = YES;
				GCC_WARN_UNINITIALIZED_AUTOS = YES_AGGRESSIVE;
				GCC_WARN_UNUSED_FUNCTION = YES;
				GCC_WARN_UNUSED_VARIABLE = YES;
				IPHONEOS_DEPLOYMENT_TARGET = 16.2;
				MTL_ENABLE_DEBUG_INFO = INCLUDE_SOURCE;
				MTL_FAST_MATH = YES;
				ONLY_ACTIVE_ARCH = YES;
				SDKROOT = iphoneos;
				SWIFT_ACTIVE_COMPILATION_CONDITIONS = DEBUG;
				SWIFT_OPTIMIZATION_LEVEL = "-Onone";
			};
			name = Debug;
		};
		36AF84D42AE8EE6C00A34680 /* Release */ = {
			isa = XCBuildConfiguration;
			buildSettings = {
				ALWAYS_SEARCH_USER_PATHS = NO;
				CLANG_ANALYZER_NONNULL = YES;
				CLANG_ANALYZER_NUMBER_OBJECT_CONVERSION = YES_AGGRESSIVE;
				CLANG_CXX_LANGUAGE_STANDARD = "gnu++20";
				CLANG_ENABLE_MODULES = YES;
				CLANG_ENABLE_OBJC_ARC = YES;
				CLANG_ENABLE_OBJC_WEAK = YES;
				CLANG_WARN_BLOCK_CAPTURE_AUTORELEASING = YES;
				CLANG_WARN_BOOL_CONVERSION = YES;
				CLANG_WARN_COMMA = YES;
				CLANG_WARN_CONSTANT_CONVERSION = YES;
				CLANG_WARN_DEPRECATED_OBJC_IMPLEMENTATIONS = YES;
				CLANG_WARN_DIRECT_OBJC_ISA_USAGE = YES_ERROR;
				CLANG_WARN_DOCUMENTATION_COMMENTS = YES;
				CLANG_WARN_EMPTY_BODY = YES;
				CLANG_WARN_ENUM_CONVERSION = YES;
				CLANG_WARN_INFINITE_RECURSION = YES;
				CLANG_WARN_INT_CONVERSION = YES;
				CLANG_WARN_NON_LITERAL_NULL_CONVERSION = YES;
				CLANG_WARN_OBJC_IMPLICIT_RETAIN_SELF = YES;
				CLANG_WARN_OBJC_LITERAL_CONVERSION = YES;
				CLANG_WARN_OBJC_ROOT_CLASS = YES_ERROR;
				CLANG_WARN_QUOTED_INCLUDE_IN_FRAMEWORK_HEADER = YES;
				CLANG_WARN_RANGE_LOOP_ANALYSIS = YES;
				CLANG_WARN_STRICT_PROTOTYPES = YES;
				CLANG_WARN_SUSPICIOUS_MOVE = YES;
				CLANG_WARN_UNGUARDED_AVAILABILITY = YES_AGGRESSIVE;
				CLANG_WARN_UNREACHABLE_CODE = YES;
				CLANG_WARN__DUPLICATE_METHOD_MATCH = YES;
				COPY_PHASE_STRIP = NO;
				DEBUG_INFORMATION_FORMAT = "dwarf-with-dsym";
				ENABLE_NS_ASSERTIONS = NO;
				ENABLE_STRICT_OBJC_MSGSEND = YES;
				GCC_C_LANGUAGE_STANDARD = gnu11;
				GCC_NO_COMMON_BLOCKS = YES;
				GCC_WARN_64_TO_32_BIT_CONVERSION = YES;
				GCC_WARN_ABOUT_RETURN_TYPE = YES_ERROR;
				GCC_WARN_UNDECLARED_SELECTOR = YES;
				GCC_WARN_UNINITIALIZED_AUTOS = YES_AGGRESSIVE;
				GCC_WARN_UNUSED_FUNCTION = YES;
				GCC_WARN_UNUSED_VARIABLE = YES;
				IPHONEOS_DEPLOYMENT_TARGET = 16.2;
				MTL_ENABLE_DEBUG_INFO = NO;
				MTL_FAST_MATH = YES;
				SDKROOT = iphoneos;
				SWIFT_COMPILATION_MODE = wholemodule;
				SWIFT_OPTIMIZATION_LEVEL = "-O";
				VALIDATE_PRODUCT = YES;
			};
			name = Release;
		};
		36AF84D62AE8EE6C00A34680 /* Debug */ = {
			isa = XCBuildConfiguration;
			buildSettings = {
				ASSETCATALOG_COMPILER_APPICON_NAME = AppIcon;
				ASSETCATALOG_COMPILER_GLOBAL_ACCENT_COLOR_NAME = AccentColor;
				CODE_SIGN_STYLE = Automatic;
				CURRENT_PROJECT_VERSION = 1;
				GENERATE_INFOPLIST_FILE = YES;
				INFOPLIST_FILE = LatihanProfile/Info.plist;
				INFOPLIST_KEY_UIApplicationSupportsIndirectInputEvents = YES;
				INFOPLIST_KEY_UILaunchStoryboardName = LaunchScreen;
				INFOPLIST_KEY_UIMainStoryboardFile = "";
				INFOPLIST_KEY_UISupportedInterfaceOrientations_iPad = "UIInterfaceOrientationPortrait UIInterfaceOrientationPortraitUpsideDown UIInterfaceOrientationLandscapeLeft UIInterfaceOrientationLandscapeRight";
				INFOPLIST_KEY_UISupportedInterfaceOrientations_iPhone = "UIInterfaceOrientationPortrait UIInterfaceOrientationLandscapeLeft UIInterfaceOrientationLandscapeRight";
				LD_RUNPATH_SEARCH_PATHS = (
					"$(inherited)",
					"@executable_path/Frameworks",
				);
				MARKETING_VERSION = 1.0;
				PRODUCT_BUNDLE_IDENTIFIER = com.phincon.LatihanProfile;
				PRODUCT_NAME = "$(TARGET_NAME)";
				SWIFT_EMIT_LOC_STRINGS = YES;
				SWIFT_VERSION = 5.0;
				TARGETED_DEVICE_FAMILY = "1,2";
			};
			name = Debug;
		};
		36AF84D72AE8EE6C00A34680 /* Release */ = {
			isa = XCBuildConfiguration;
			buildSettings = {
				ASSETCATALOG_COMPILER_APPICON_NAME = AppIcon;
				ASSETCATALOG_COMPILER_GLOBAL_ACCENT_COLOR_NAME = AccentColor;
				CODE_SIGN_STYLE = Automatic;
				CURRENT_PROJECT_VERSION = 1;
				GENERATE_INFOPLIST_FILE = YES;
				INFOPLIST_FILE = LatihanProfile/Info.plist;
				INFOPLIST_KEY_UIApplicationSupportsIndirectInputEvents = YES;
				INFOPLIST_KEY_UILaunchStoryboardName = LaunchScreen;
				INFOPLIST_KEY_UIMainStoryboardFile = "";
				INFOPLIST_KEY_UISupportedInterfaceOrientations_iPad = "UIInterfaceOrientationPortrait UIInterfaceOrientationPortraitUpsideDown UIInterfaceOrientationLandscapeLeft UIInterfaceOrientationLandscapeRight";
				INFOPLIST_KEY_UISupportedInterfaceOrientations_iPhone = "UIInterfaceOrientationPortrait UIInterfaceOrientationLandscapeLeft UIInterfaceOrientationLandscapeRight";
				LD_RUNPATH_SEARCH_PATHS = (
					"$(inherited)",
					"@executable_path/Frameworks",
				);
				MARKETING_VERSION = 1.0;
				PRODUCT_BUNDLE_IDENTIFIER = com.phincon.LatihanProfile;
				PRODUCT_NAME = "$(TARGET_NAME)";
				SWIFT_EMIT_LOC_STRINGS = YES;
				SWIFT_VERSION = 5.0;
				TARGETED_DEVICE_FAMILY = "1,2";
			};
			name = Release;
		};
		36AF84D92AE8EE6C00A34680 /* Debug */ = {
			isa = XCBuildConfiguration;
			buildSettings = {
				ALWAYS_EMBED_SWIFT_STANDARD_LIBRARIES = YES;
				BUNDLE_LOADER = "$(TEST_HOST)";
				CODE_SIGN_STYLE = Automatic;
				CURRENT_PROJECT_VERSION = 1;
				GENERATE_INFOPLIST_FILE = YES;
				IPHONEOS_DEPLOYMENT_TARGET = 16.2;
				MARKETING_VERSION = 1.0;
				PRODUCT_BUNDLE_IDENTIFIER = com.phincon.LatihanProfileTests;
				PRODUCT_NAME = "$(TARGET_NAME)";
				SWIFT_EMIT_LOC_STRINGS = NO;
				SWIFT_VERSION = 5.0;
				TARGETED_DEVICE_FAMILY = "1,2";
				TEST_HOST = "$(BUILT_PRODUCTS_DIR)/LatihanProfile.app/$(BUNDLE_EXECUTABLE_FOLDER_PATH)/LatihanProfile";
			};
			name = Debug;
		};
		36AF84DA2AE8EE6C00A34680 /* Release */ = {
			isa = XCBuildConfiguration;
			buildSettings = {
				ALWAYS_EMBED_SWIFT_STANDARD_LIBRARIES = YES;
				BUNDLE_LOADER = "$(TEST_HOST)";
				CODE_SIGN_STYLE = Automatic;
				CURRENT_PROJECT_VERSION = 1;
				GENERATE_INFOPLIST_FILE = YES;
				IPHONEOS_DEPLOYMENT_TARGET = 16.2;
				MARKETING_VERSION = 1.0;
				PRODUCT_BUNDLE_IDENTIFIER = com.phincon.LatihanProfileTests;
				PRODUCT_NAME = "$(TARGET_NAME)";
				SWIFT_EMIT_LOC_STRINGS = NO;
				SWIFT_VERSION = 5.0;
				TARGETED_DEVICE_FAMILY = "1,2";
				TEST_HOST = "$(BUILT_PRODUCTS_DIR)/LatihanProfile.app/$(BUNDLE_EXECUTABLE_FOLDER_PATH)/LatihanProfile";
			};
			name = Release;
		};
		36AF84DC2AE8EE6C00A34680 /* Debug */ = {
			isa = XCBuildConfiguration;
			buildSettings = {
				ALWAYS_EMBED_SWIFT_STANDARD_LIBRARIES = YES;
				CODE_SIGN_STYLE = Automatic;
				CURRENT_PROJECT_VERSION = 1;
				GENERATE_INFOPLIST_FILE = YES;
				MARKETING_VERSION = 1.0;
				PRODUCT_BUNDLE_IDENTIFIER = com.phincon.LatihanProfileUITests;
				PRODUCT_NAME = "$(TARGET_NAME)";
				SWIFT_EMIT_LOC_STRINGS = NO;
				SWIFT_VERSION = 5.0;
				TARGETED_DEVICE_FAMILY = "1,2";
				TEST_TARGET_NAME = LatihanProfile;
			};
			name = Debug;
		};
		36AF84DD2AE8EE6C00A34680 /* Release */ = {
			isa = XCBuildConfiguration;
			buildSettings = {
				ALWAYS_EMBED_SWIFT_STANDARD_LIBRARIES = YES;
				CODE_SIGN_STYLE = Automatic;
				CURRENT_PROJECT_VERSION = 1;
				GENERATE_INFOPLIST_FILE = YES;
				MARKETING_VERSION = 1.0;
				PRODUCT_BUNDLE_IDENTIFIER = com.phincon.LatihanProfileUITests;
				PRODUCT_NAME = "$(TARGET_NAME)";
				SWIFT_EMIT_LOC_STRINGS = NO;
				SWIFT_VERSION = 5.0;
				TARGETED_DEVICE_FAMILY = "1,2";
				TEST_TARGET_NAME = LatihanProfile;
			};
			name = Release;
		};
/* End XCBuildConfiguration section */

/* Begin XCConfigurationList section */
		36AF84A62AE8EE6A00A34680 /* Build configuration list for PBXProject "LatihanProfile" */ = {
			isa = XCConfigurationList;
			buildConfigurations = (
				36AF84D32AE8EE6C00A34680 /* Debug */,
				36AF84D42AE8EE6C00A34680 /* Release */,
			);
			defaultConfigurationIsVisible = 0;
			defaultConfigurationName = Release;
		};
		36AF84D52AE8EE6C00A34680 /* Build configuration list for PBXNativeTarget "LatihanProfile" */ = {
			isa = XCConfigurationList;
			buildConfigurations = (
				36AF84D62AE8EE6C00A34680 /* Debug */,
				36AF84D72AE8EE6C00A34680 /* Release */,
			);
			defaultConfigurationIsVisible = 0;
			defaultConfigurationName = Release;
		};
		36AF84D82AE8EE6C00A34680 /* Build configuration list for PBXNativeTarget "LatihanProfileTests" */ = {
			isa = XCConfigurationList;
			buildConfigurations = (
				36AF84D92AE8EE6C00A34680 /* Debug */,
				36AF84DA2AE8EE6C00A34680 /* Release */,
			);
			defaultConfigurationIsVisible = 0;
			defaultConfigurationName = Release;
		};
		36AF84DB2AE8EE6C00A34680 /* Build configuration list for PBXNativeTarget "LatihanProfileUITests" */ = {
			isa = XCConfigurationList;
			buildConfigurations = (
				36AF84DC2AE8EE6C00A34680 /* Debug */,
				36AF84DD2AE8EE6C00A34680 /* Release */,
			);
			defaultConfigurationIsVisible = 0;
			defaultConfigurationName = Release;
		};
/* End XCConfigurationList section */

/* Begin XCRemoteSwiftPackageReference section */
		369646702AF25390003C5205 /* XCRemoteSwiftPackageReference "lottie-ios" */ = {
			isa = XCRemoteSwiftPackageReference;
			repositoryURL = "https://github.com/airbnb/lottie-ios";
			requirement = {
				branch = master;
				kind = branch;
			};
		};
		36D8E7B22AF2045B001BC386 /* XCRemoteSwiftPackageReference "FloatingPanel" */ = {
			isa = XCRemoteSwiftPackageReference;
			repositoryURL = "https://github.com/scenee/FloatingPanel";
			requirement = {
				kind = upToNextMajorVersion;
				minimumVersion = 2.0.0;
			};
		};
/* End XCRemoteSwiftPackageReference section */

/* Begin XCSwiftPackageProductDependency section */
		369646712AF25390003C5205 /* Lottie */ = {
			isa = XCSwiftPackageProductDependency;
			package = 369646702AF25390003C5205 /* XCRemoteSwiftPackageReference "lottie-ios" */;
			productName = Lottie;
		};
		36D8E7B32AF2045B001BC386 /* FloatingPanel */ = {
			isa = XCSwiftPackageProductDependency;
			package = 36D8E7B22AF2045B001BC386 /* XCRemoteSwiftPackageReference "FloatingPanel" */;
			productName = FloatingPanel;
		};
/* End XCSwiftPackageProductDependency section */
	};
	rootObject = 36AF84A32AE8EE6A00A34680 /* Project object */;
}
